// !$*UTF8*$!
{
	archiveVersion = 1;
	classes = {
	};
	objectVersion = 46;
	objects = {

/* Begin PBXBuildFile section */
		8E019A5519C602BF009318C5 /* Config.hpp in Headers */ = {isa = PBXBuildFile; fileRef = 8E019A5419C602BF009318C5 /* Config.hpp */; };
		8E0EF74619A0E0BC00CF38A2 /* AudioContext.hpp in Headers */ = {isa = PBXBuildFile; fileRef = 8E0EF74519A0E0BC00CF38A2 /* AudioContext.hpp */; };
		8E0EF75119A13E4E00CF38A2 /* Client.hpp in Headers */ = {isa = PBXBuildFile; fileRef = 8E0EF75019A13E4E00CF38A2 /* Client.hpp */; };
		8E112D44199E55100029CD38 /* AABB.hpp in Headers */ = {isa = PBXBuildFile; fileRef = 8E112D3C199E55100029CD38 /* AABB.hpp */; };
		8E112D45199E55100029CD38 /* Algorithm.hpp in Headers */ = {isa = PBXBuildFile; fileRef = 8E112D3D199E55100029CD38 /* Algorithm.hpp */; };
		8E112D46199E55100029CD38 /* Angle.hpp in Headers */ = {isa = PBXBuildFile; fileRef = 8E112D3E199E55100029CD38 /* Angle.hpp */; };
		8E112D47199E55100029CD38 /* Constants.hpp in Headers */ = {isa = PBXBuildFile; fileRef = 8E112D3F199E55100029CD38 /* Constants.hpp */; };
		8E112D48199E55100029CD38 /* Matrix.cpp in Sources */ = {isa = PBXBuildFile; fileRef = 8E112D40199E55100029CD38 /* Matrix.cpp */; };
		8E112D49199E55100029CD38 /* Matrix.hpp in Headers */ = {isa = PBXBuildFile; fileRef = 8E112D41199E55100029CD38 /* Matrix.hpp */; };
		8E112D4A199E55100029CD38 /* Quaternion.hpp in Headers */ = {isa = PBXBuildFile; fileRef = 8E112D42199E55100029CD38 /* Quaternion.hpp */; };
		8E112D4B199E55100029CD38 /* Vector.hpp in Headers */ = {isa = PBXBuildFile; fileRef = 8E112D43199E55100029CD38 /* Vector.hpp */; };
		8E112D82199E5F540029CD38 /* BasicPoolAllocator.hpp in Headers */ = {isa = PBXBuildFile; fileRef = 8E112D7E199E5F540029CD38 /* BasicPoolAllocator.hpp */; };
		8E112D83199E5F540029CD38 /* MemoryResource.hpp in Headers */ = {isa = PBXBuildFile; fileRef = 8E112D7F199E5F540029CD38 /* MemoryResource.hpp */; };
		8E112D84199E5F540029CD38 /* STLAllocAdapter.hpp in Headers */ = {isa = PBXBuildFile; fileRef = 8E112D80199E5F540029CD38 /* STLAllocAdapter.hpp */; };
		8E112D85199E5F540029CD38 /* SystemMemoryResource.hpp in Headers */ = {isa = PBXBuildFile; fileRef = 8E112D81199E5F540029CD38 /* SystemMemoryResource.hpp */; };
		8E112D8B199E5F870029CD38 /* FlagSet.hpp in Headers */ = {isa = PBXBuildFile; fileRef = 8E112D87199E5F870029CD38 /* FlagSet.hpp */; };
		8E112D8C199E5F870029CD38 /* ObjectPool.hpp in Headers */ = {isa = PBXBuildFile; fileRef = 8E112D88199E5F870029CD38 /* ObjectPool.hpp */; };
		8E112D8D199E5F870029CD38 /* RefTree.hpp in Headers */ = {isa = PBXBuildFile; fileRef = 8E112D89199E5F870029CD38 /* RefTree.hpp */; };
		8E112D8E199E5F870029CD38 /* RingBuffer.hpp in Headers */ = {isa = PBXBuildFile; fileRef = 8E112D8A199E5F870029CD38 /* RingBuffer.hpp */; };
		8E112D95199E5FC70029CD38 /* ConceptTraits.hpp in Headers */ = {isa = PBXBuildFile; fileRef = 8E112D90199E5FC70029CD38 /* ConceptTraits.hpp */; };
		8E112D96199E5FC70029CD38 /* StringFormat.cpp in Sources */ = {isa = PBXBuildFile; fileRef = 8E112D91199E5FC70029CD38 /* StringFormat.cpp */; };
		8E112D97199E5FC70029CD38 /* StringFormat.hpp in Headers */ = {isa = PBXBuildFile; fileRef = 8E112D92199E5FC70029CD38 /* StringFormat.hpp */; };
		8E112D98199E5FC70029CD38 /* TextFile.cpp in Sources */ = {isa = PBXBuildFile; fileRef = 8E112D93199E5FC70029CD38 /* TextFile.cpp */; };
		8E112D99199E5FC70029CD38 /* TextFile.hpp in Headers */ = {isa = PBXBuildFile; fileRef = 8E112D94199E5FC70029CD38 /* TextFile.hpp */; };
		8E112DB7199E5FE20029CD38 /* OpenGL.hpp in Headers */ = {isa = PBXBuildFile; fileRef = 8E112DA2199E5FE20029CD38 /* OpenGL.hpp */; };
		8E112DB8199E5FE20029CD38 /* Buffer.cpp in Sources */ = {isa = PBXBuildFile; fileRef = 8E112DA3199E5FE20029CD38 /* Buffer.cpp */; };
		8E112DB9199E5FE20029CD38 /* Buffer.hpp in Headers */ = {isa = PBXBuildFile; fileRef = 8E112DA4199E5FE20029CD38 /* Buffer.hpp */; };
		8E112DBE199E5FE20029CD38 /* Pipeline.cpp in Sources */ = {isa = PBXBuildFile; fileRef = 8E112DA9199E5FE20029CD38 /* Pipeline.cpp */; };
		8E112DBF199E5FE20029CD38 /* Pipeline.hpp in Headers */ = {isa = PBXBuildFile; fileRef = 8E112DAA199E5FE20029CD38 /* Pipeline.hpp */; };
		8E112DC0199E5FE20029CD38 /* Shader.cpp in Sources */ = {isa = PBXBuildFile; fileRef = 8E112DAB199E5FE20029CD38 /* Shader.cpp */; };
		8E112DC1199E5FE20029CD38 /* Shader.hpp in Headers */ = {isa = PBXBuildFile; fileRef = 8E112DAC199E5FE20029CD38 /* Shader.hpp */; };
		8E112DC9199E60150029CD38 /* Generators.cpp in Sources */ = {isa = PBXBuildFile; fileRef = 8E112DC7199E60150029CD38 /* Generators.cpp */; };
		8E112DCA199E60150029CD38 /* Generators.hpp in Headers */ = {isa = PBXBuildFile; fileRef = 8E112DC8199E60150029CD38 /* Generators.hpp */; };
		8E112DDA199E60A50029CD38 /* Behaviour.cpp in Sources */ = {isa = PBXBuildFile; fileRef = 8E112DCF199E60A50029CD38 /* Behaviour.cpp */; };
		8E112DDB199E60A50029CD38 /* Behaviour.hpp in Headers */ = {isa = PBXBuildFile; fileRef = 8E112DD0199E60A50029CD38 /* Behaviour.hpp */; };
		8E112DDC199E60A50029CD38 /* Camera.cpp in Sources */ = {isa = PBXBuildFile; fileRef = 8E112DD1199E60A50029CD38 /* Camera.cpp */; };
		8E112DDD199E60A50029CD38 /* Camera.hpp in Headers */ = {isa = PBXBuildFile; fileRef = 8E112DD2199E60A50029CD38 /* Camera.hpp */; };
		8E112DDE199E60A50029CD38 /* SceneController.cpp in Sources */ = {isa = PBXBuildFile; fileRef = 8E112DD3199E60A50029CD38 /* SceneController.cpp */; };
		8E112DDF199E60A50029CD38 /* SceneController.hpp in Headers */ = {isa = PBXBuildFile; fileRef = 8E112DD4199E60A50029CD38 /* SceneController.hpp */; };
		8E112DE0199E60A50029CD38 /* Entity.hpp in Headers */ = {isa = PBXBuildFile; fileRef = 8E112DD5199E60A50029CD38 /* Entity.hpp */; };
		8E112DE1199E60A50029CD38 /* Scene.cpp in Sources */ = {isa = PBXBuildFile; fileRef = 8E112DD6199E60A50029CD38 /* Scene.cpp */; };
		8E112DE2199E60A50029CD38 /* Scene.hpp in Headers */ = {isa = PBXBuildFile; fileRef = 8E112DD7199E60A50029CD38 /* Scene.hpp */; };
		8E112DE3199E60A50029CD38 /* Transform.cpp in Sources */ = {isa = PBXBuildFile; fileRef = 8E112DD8199E60A50029CD38 /* Transform.cpp */; };
		8E112DE4199E60A50029CD38 /* Transform.hpp in Headers */ = {isa = PBXBuildFile; fileRef = 8E112DD9199E60A50029CD38 /* Transform.hpp */; };
		8E112DEA199E60B70029CD38 /* Application.hpp in Headers */ = {isa = PBXBuildFile; fileRef = 8E112DE6199E60B70029CD38 /* Application.hpp */; };
		8E112DEC199E60B70029CD38 /* Logging.hpp in Headers */ = {isa = PBXBuildFile; fileRef = 8E112DE8199E60B70029CD38 /* Logging.hpp */; };
		8E112DED199E60B70029CD38 /* Time.hpp in Headers */ = {isa = PBXBuildFile; fileRef = 8E112DE9199E60B70029CD38 /* Time.hpp */; };
		8E147FAD19BB7644002836CA /* RunLoop.hpp in Headers */ = {isa = PBXBuildFile; fileRef = 8E147FAC19BB7644002836CA /* RunLoop.hpp */; };
		8E147FAF19BB9944002836CA /* RunLoop.cpp in Sources */ = {isa = PBXBuildFile; fileRef = 8E147FAE19BB9944002836CA /* RunLoop.cpp */; };
		8E19671919ACCADD009CB5E6 /* Bindings.hpp in Headers */ = {isa = PBXBuildFile; fileRef = 8E19671819ACCADD009CB5E6 /* Bindings.hpp */; };
		8E19672619ACD69F009CB5E6 /* mac_Application.hpp in Headers */ = {isa = PBXBuildFile; fileRef = 8E19672319ACD69F009CB5E6 /* mac_Application.hpp */; };
		8E19672719ACD69F009CB5E6 /* mac_Application.mm in Sources */ = {isa = PBXBuildFile; fileRef = 8E19672419ACD69F009CB5E6 /* mac_Application.mm */; };
		8E19672819ACD69F009CB5E6 /* mac_Logging.mm in Sources */ = {isa = PBXBuildFile; fileRef = 8E19672519ACD69F009CB5E6 /* mac_Logging.mm */; };
		8E2389C619F5A04400080E15 /* VertexBuffer.hpp in Headers */ = {isa = PBXBuildFile; fileRef = 8E2389C519F5A04400080E15 /* VertexBuffer.hpp */; };
		8E31873619ED460000D3B189 /* OpenGL.framework in Frameworks */ = {isa = PBXBuildFile; fileRef = 8E31873519ED460000D3B189 /* OpenGL.framework */; };
		8E46C1D019DAE3E6009A85A1 /* Manipulators.cpp in Sources */ = {isa = PBXBuildFile; fileRef = 8E46C1CE19DAE3E6009A85A1 /* Manipulators.cpp */; };
		8E4C74081A07D0CF006CF46D /* VertexDerivedData.hpp in Headers */ = {isa = PBXBuildFile; fileRef = 8E4C74071A07D0CF006CF46D /* VertexDerivedData.hpp */; };
		8E4C740A1A0929D4006CF46D /* BufferStorage.hpp in Headers */ = {isa = PBXBuildFile; fileRef = 8E4C74091A0929D4006CF46D /* BufferStorage.hpp */; };
		8E5C926E1A2123C1007E3774 /* VertexArray.hpp in Headers */ = {isa = PBXBuildFile; fileRef = 8E5C926D1A2123C1007E3774 /* VertexArray.hpp */; };
		8E5C92701A212567007E3774 /* VertexArray.cpp in Sources */ = {isa = PBXBuildFile; fileRef = 8E5C926F1A212567007E3774 /* VertexArray.cpp */; };
		8E6A0DBA19B39E1E00DF0921 /* DevicesContext.hpp in Headers */ = {isa = PBXBuildFile; fileRef = 8E6A0DB919B39E1E00DF0921 /* DevicesContext.hpp */; };
		8E6A0DBC19B39E7400DF0921 /* mac_DevicesContext.hpp in Headers */ = {isa = PBXBuildFile; fileRef = 8E6A0DBB19B39E7400DF0921 /* mac_DevicesContext.hpp */; };
		8E6A0DBE19B3A03600DF0921 /* Keyboard.hpp in Headers */ = {isa = PBXBuildFile; fileRef = 8E6A0DBD19B3A03600DF0921 /* Keyboard.hpp */; };
		8E6A0DC019B3A53E00DF0921 /* mac_DevicesContext.mm in Sources */ = {isa = PBXBuildFile; fileRef = 8E6A0DBF19B3A53E00DF0921 /* mac_DevicesContext.mm */; };
		8E6A0DC219B3A5CB00DF0921 /* mac_VKeyCodes.hpp in Headers */ = {isa = PBXBuildFile; fileRef = 8E6A0DC119B3A5CB00DF0921 /* mac_VKeyCodes.hpp */; };
		8E6A0DC419B3A7D900DF0921 /* Keyboard.cpp in Sources */ = {isa = PBXBuildFile; fileRef = 8E6A0DC319B3A7D900DF0921 /* Keyboard.cpp */; };
		8E89E99C19AD4896001AB2AF /* mac_RenderContext.hpp in Headers */ = {isa = PBXBuildFile; fileRef = 8E89E99A19AD4896001AB2AF /* mac_RenderContext.hpp */; };
		8E89E99D19AD4896001AB2AF /* mac_RenderContext.mm in Sources */ = {isa = PBXBuildFile; fileRef = 8E89E99B19AD4896001AB2AF /* mac_RenderContext.mm */; };
		8EA7092C19D75FC000129E2D /* Mesh.cpp in Sources */ = {isa = PBXBuildFile; fileRef = 8EA7092319D75FC000129E2D /* Mesh.cpp */; };
		8EA7092D19D75FC000129E2D /* Mesh.hpp in Headers */ = {isa = PBXBuildFile; fileRef = 8EA7092419D75FC000129E2D /* Mesh.hpp */; };
		8EA7092E19D75FC000129E2D /* Pipeline.hpp in Headers */ = {isa = PBXBuildFile; fileRef = 8EA7092519D75FC000129E2D /* Pipeline.hpp */; };
		8EA7093019D75FC000129E2D /* RenderContext.hpp in Headers */ = {isa = PBXBuildFile; fileRef = 8EA7092719D75FC000129E2D /* RenderContext.hpp */; };
		8EA7093119D75FC000129E2D /* Shader.hpp in Headers */ = {isa = PBXBuildFile; fileRef = 8EA7092819D75FC000129E2D /* Shader.hpp */; };
		8EB49E8319FFEF7D003F687C /* VertexBuffer.cpp in Sources */ = {isa = PBXBuildFile; fileRef = 8EB49E8219FFEF7D003F687C /* VertexBuffer.cpp */; };
		8EBB0AB619C1022700843A1F /* FrameContext.hpp in Headers */ = {isa = PBXBuildFile; fileRef = 8EBB0AB519C1022700843A1F /* FrameContext.hpp */; };
		8ECBA3971A01AC2900EE0151 /* BufferFields.hpp in Headers */ = {isa = PBXBuildFile; fileRef = 8ECBA3961A01AC2900EE0151 /* BufferFields.hpp */; };
		8EF71ECD19D8600A00AA373B /* RenderContext.hpp in Headers */ = {isa = PBXBuildFile; fileRef = 8EF71ECB19D8600A00AA373B /* RenderContext.hpp */; };
/* End PBXBuildFile section */

/* Begin PBXFileReference section */
		8E019A5419C602BF009318C5 /* Config.hpp */ = {isa = PBXFileReference; fileEncoding = 4; lastKnownFileType = sourcecode.cpp.h; path = Config.hpp; sourceTree = "<group>"; };
		8E0EF74519A0E0BC00CF38A2 /* AudioContext.hpp */ = {isa = PBXFileReference; fileEncoding = 4; lastKnownFileType = sourcecode.cpp.h; path = AudioContext.hpp; sourceTree = "<group>"; };
		8E0EF75019A13E4E00CF38A2 /* Client.hpp */ = {isa = PBXFileReference; fileEncoding = 4; lastKnownFileType = sourcecode.cpp.h; path = Client.hpp; sourceTree = "<group>"; };
		8E112D2D199E53CC0029CD38 /* libstardazed.a */ = {isa = PBXFileReference; explicitFileType = archive.ar; includeInIndex = 0; path = libstardazed.a; sourceTree = BUILT_PRODUCTS_DIR; };
		8E112D3C199E55100029CD38 /* AABB.hpp */ = {isa = PBXFileReference; fileEncoding = 4; lastKnownFileType = sourcecode.cpp.h; path = AABB.hpp; sourceTree = "<group>"; };
		8E112D3D199E55100029CD38 /* Algorithm.hpp */ = {isa = PBXFileReference; fileEncoding = 4; lastKnownFileType = sourcecode.cpp.h; path = Algorithm.hpp; sourceTree = "<group>"; };
		8E112D3E199E55100029CD38 /* Angle.hpp */ = {isa = PBXFileReference; fileEncoding = 4; lastKnownFileType = sourcecode.cpp.h; path = Angle.hpp; sourceTree = "<group>"; };
		8E112D3F199E55100029CD38 /* Constants.hpp */ = {isa = PBXFileReference; fileEncoding = 4; lastKnownFileType = sourcecode.cpp.h; path = Constants.hpp; sourceTree = "<group>"; };
		8E112D40199E55100029CD38 /* Matrix.cpp */ = {isa = PBXFileReference; fileEncoding = 4; lastKnownFileType = sourcecode.cpp.cpp; path = Matrix.cpp; sourceTree = "<group>"; };
		8E112D41199E55100029CD38 /* Matrix.hpp */ = {isa = PBXFileReference; fileEncoding = 4; lastKnownFileType = sourcecode.cpp.h; path = Matrix.hpp; sourceTree = "<group>"; };
		8E112D42199E55100029CD38 /* Quaternion.hpp */ = {isa = PBXFileReference; fileEncoding = 4; lastKnownFileType = sourcecode.cpp.h; path = Quaternion.hpp; sourceTree = "<group>"; };
		8E112D43199E55100029CD38 /* Vector.hpp */ = {isa = PBXFileReference; fileEncoding = 4; lastKnownFileType = sourcecode.cpp.h; path = Vector.hpp; sourceTree = "<group>"; };
		8E112D7E199E5F540029CD38 /* BasicPoolAllocator.hpp */ = {isa = PBXFileReference; fileEncoding = 4; lastKnownFileType = sourcecode.cpp.h; path = BasicPoolAllocator.hpp; sourceTree = "<group>"; };
		8E112D7F199E5F540029CD38 /* MemoryResource.hpp */ = {isa = PBXFileReference; fileEncoding = 4; lastKnownFileType = sourcecode.cpp.h; path = MemoryResource.hpp; sourceTree = "<group>"; };
		8E112D80199E5F540029CD38 /* STLAllocAdapter.hpp */ = {isa = PBXFileReference; fileEncoding = 4; lastKnownFileType = sourcecode.cpp.h; path = STLAllocAdapter.hpp; sourceTree = "<group>"; };
		8E112D81199E5F540029CD38 /* SystemMemoryResource.hpp */ = {isa = PBXFileReference; fileEncoding = 4; lastKnownFileType = sourcecode.cpp.h; path = SystemMemoryResource.hpp; sourceTree = "<group>"; };
		8E112D87199E5F870029CD38 /* FlagSet.hpp */ = {isa = PBXFileReference; fileEncoding = 4; lastKnownFileType = sourcecode.cpp.h; path = FlagSet.hpp; sourceTree = "<group>"; };
		8E112D88199E5F870029CD38 /* ObjectPool.hpp */ = {isa = PBXFileReference; fileEncoding = 4; lastKnownFileType = sourcecode.cpp.h; path = ObjectPool.hpp; sourceTree = "<group>"; };
		8E112D89199E5F870029CD38 /* RefTree.hpp */ = {isa = PBXFileReference; fileEncoding = 4; lastKnownFileType = sourcecode.cpp.h; path = RefTree.hpp; sourceTree = "<group>"; };
		8E112D8A199E5F870029CD38 /* RingBuffer.hpp */ = {isa = PBXFileReference; fileEncoding = 4; lastKnownFileType = sourcecode.cpp.h; path = RingBuffer.hpp; sourceTree = "<group>"; };
		8E112D90199E5FC70029CD38 /* ConceptTraits.hpp */ = {isa = PBXFileReference; fileEncoding = 4; lastKnownFileType = sourcecode.cpp.h; path = ConceptTraits.hpp; sourceTree = "<group>"; };
		8E112D91199E5FC70029CD38 /* StringFormat.cpp */ = {isa = PBXFileReference; fileEncoding = 4; lastKnownFileType = sourcecode.cpp.cpp; path = StringFormat.cpp; sourceTree = "<group>"; };
		8E112D92199E5FC70029CD38 /* StringFormat.hpp */ = {isa = PBXFileReference; fileEncoding = 4; lastKnownFileType = sourcecode.cpp.h; path = StringFormat.hpp; sourceTree = "<group>"; };
		8E112D93199E5FC70029CD38 /* TextFile.cpp */ = {isa = PBXFileReference; fileEncoding = 4; lastKnownFileType = sourcecode.cpp.cpp; path = TextFile.cpp; sourceTree = "<group>"; };
		8E112D94199E5FC70029CD38 /* TextFile.hpp */ = {isa = PBXFileReference; fileEncoding = 4; lastKnownFileType = sourcecode.cpp.h; path = TextFile.hpp; sourceTree = "<group>"; };
		8E112DA2199E5FE20029CD38 /* OpenGL.hpp */ = {isa = PBXFileReference; fileEncoding = 4; lastKnownFileType = sourcecode.cpp.h; path = OpenGL.hpp; sourceTree = "<group>"; };
		8E112DA3199E5FE20029CD38 /* Buffer.cpp */ = {isa = PBXFileReference; fileEncoding = 4; lastKnownFileType = sourcecode.cpp.cpp; path = Buffer.cpp; sourceTree = "<group>"; };
		8E112DA4199E5FE20029CD38 /* Buffer.hpp */ = {isa = PBXFileReference; fileEncoding = 4; lastKnownFileType = sourcecode.cpp.h; path = Buffer.hpp; sourceTree = "<group>"; };
		8E112DA9199E5FE20029CD38 /* Pipeline.cpp */ = {isa = PBXFileReference; fileEncoding = 4; lastKnownFileType = sourcecode.cpp.cpp; path = Pipeline.cpp; sourceTree = "<group>"; };
		8E112DAA199E5FE20029CD38 /* Pipeline.hpp */ = {isa = PBXFileReference; fileEncoding = 4; lastKnownFileType = sourcecode.cpp.h; path = Pipeline.hpp; sourceTree = "<group>"; };
		8E112DAB199E5FE20029CD38 /* Shader.cpp */ = {isa = PBXFileReference; fileEncoding = 4; lastKnownFileType = sourcecode.cpp.cpp; path = Shader.cpp; sourceTree = "<group>"; };
		8E112DAC199E5FE20029CD38 /* Shader.hpp */ = {isa = PBXFileReference; fileEncoding = 4; lastKnownFileType = sourcecode.cpp.h; path = Shader.hpp; sourceTree = "<group>"; };
		8E112DC7199E60150029CD38 /* Generators.cpp */ = {isa = PBXFileReference; fileEncoding = 4; lastKnownFileType = sourcecode.cpp.cpp; path = Generators.cpp; sourceTree = "<group>"; };
		8E112DC8199E60150029CD38 /* Generators.hpp */ = {isa = PBXFileReference; fileEncoding = 4; lastKnownFileType = sourcecode.cpp.h; path = Generators.hpp; sourceTree = "<group>"; };
		8E112DCF199E60A50029CD38 /* Behaviour.cpp */ = {isa = PBXFileReference; fileEncoding = 4; lastKnownFileType = sourcecode.cpp.cpp; path = Behaviour.cpp; sourceTree = "<group>"; };
		8E112DD0199E60A50029CD38 /* Behaviour.hpp */ = {isa = PBXFileReference; fileEncoding = 4; lastKnownFileType = sourcecode.cpp.h; path = Behaviour.hpp; sourceTree = "<group>"; };
		8E112DD1199E60A50029CD38 /* Camera.cpp */ = {isa = PBXFileReference; fileEncoding = 4; lastKnownFileType = sourcecode.cpp.cpp; path = Camera.cpp; sourceTree = "<group>"; };
		8E112DD2199E60A50029CD38 /* Camera.hpp */ = {isa = PBXFileReference; fileEncoding = 4; lastKnownFileType = sourcecode.cpp.h; path = Camera.hpp; sourceTree = "<group>"; };
		8E112DD3199E60A50029CD38 /* SceneController.cpp */ = {isa = PBXFileReference; fileEncoding = 4; lastKnownFileType = sourcecode.cpp.cpp; path = SceneController.cpp; sourceTree = "<group>"; };
		8E112DD4199E60A50029CD38 /* SceneController.hpp */ = {isa = PBXFileReference; fileEncoding = 4; lastKnownFileType = sourcecode.cpp.h; path = SceneController.hpp; sourceTree = "<group>"; };
		8E112DD5199E60A50029CD38 /* Entity.hpp */ = {isa = PBXFileReference; fileEncoding = 4; lastKnownFileType = sourcecode.cpp.h; path = Entity.hpp; sourceTree = "<group>"; };
		8E112DD6199E60A50029CD38 /* Scene.cpp */ = {isa = PBXFileReference; fileEncoding = 4; lastKnownFileType = sourcecode.cpp.cpp; path = Scene.cpp; sourceTree = "<group>"; };
		8E112DD7199E60A50029CD38 /* Scene.hpp */ = {isa = PBXFileReference; fileEncoding = 4; lastKnownFileType = sourcecode.cpp.h; path = Scene.hpp; sourceTree = "<group>"; };
		8E112DD8199E60A50029CD38 /* Transform.cpp */ = {isa = PBXFileReference; fileEncoding = 4; lastKnownFileType = sourcecode.cpp.cpp; path = Transform.cpp; sourceTree = "<group>"; };
		8E112DD9199E60A50029CD38 /* Transform.hpp */ = {isa = PBXFileReference; fileEncoding = 4; lastKnownFileType = sourcecode.cpp.h; path = Transform.hpp; sourceTree = "<group>"; };
		8E112DE6199E60B70029CD38 /* Application.hpp */ = {isa = PBXFileReference; fileEncoding = 4; lastKnownFileType = sourcecode.cpp.h; lineEnding = 0; path = Application.hpp; sourceTree = "<group>"; xcLanguageSpecificationIdentifier = xcode.lang.cpp; };
		8E112DE8199E60B70029CD38 /* Logging.hpp */ = {isa = PBXFileReference; fileEncoding = 4; lastKnownFileType = sourcecode.cpp.h; path = Logging.hpp; sourceTree = "<group>"; };
		8E112DE9199E60B70029CD38 /* Time.hpp */ = {isa = PBXFileReference; fileEncoding = 4; lastKnownFileType = sourcecode.cpp.h; path = Time.hpp; sourceTree = "<group>"; };
		8E147FAC19BB7644002836CA /* RunLoop.hpp */ = {isa = PBXFileReference; fileEncoding = 4; lastKnownFileType = sourcecode.cpp.h; path = RunLoop.hpp; sourceTree = "<group>"; };
		8E147FAE19BB9944002836CA /* RunLoop.cpp */ = {isa = PBXFileReference; fileEncoding = 4; lastKnownFileType = sourcecode.cpp.cpp; path = RunLoop.cpp; sourceTree = "<group>"; };
		8E19671819ACCADD009CB5E6 /* Bindings.hpp */ = {isa = PBXFileReference; fileEncoding = 4; lastKnownFileType = sourcecode.cpp.h; path = Bindings.hpp; sourceTree = "<group>"; };
		8E19672319ACD69F009CB5E6 /* mac_Application.hpp */ = {isa = PBXFileReference; fileEncoding = 4; lastKnownFileType = sourcecode.cpp.h; path = mac_Application.hpp; sourceTree = "<group>"; };
		8E19672419ACD69F009CB5E6 /* mac_Application.mm */ = {isa = PBXFileReference; fileEncoding = 4; lastKnownFileType = sourcecode.cpp.objcpp; path = mac_Application.mm; sourceTree = "<group>"; };
		8E19672519ACD69F009CB5E6 /* mac_Logging.mm */ = {isa = PBXFileReference; fileEncoding = 4; lastKnownFileType = sourcecode.cpp.objcpp; path = mac_Logging.mm; sourceTree = "<group>"; };
		8E2389C519F5A04400080E15 /* VertexBuffer.hpp */ = {isa = PBXFileReference; fileEncoding = 4; lastKnownFileType = sourcecode.cpp.h; path = VertexBuffer.hpp; sourceTree = "<group>"; };
		8E31873519ED460000D3B189 /* OpenGL.framework */ = {isa = PBXFileReference; lastKnownFileType = wrapper.framework; name = OpenGL.framework; path = System/Library/Frameworks/OpenGL.framework; sourceTree = SDKROOT; };
		8E46C1CE19DAE3E6009A85A1 /* Manipulators.cpp */ = {isa = PBXFileReference; fileEncoding = 4; lastKnownFileType = sourcecode.cpp.cpp; path = Manipulators.cpp; sourceTree = "<group>"; };
		8E46C1D119DAE44A009A85A1 /* Manipulators.hpp */ = {isa = PBXFileReference; fileEncoding = 4; lastKnownFileType = sourcecode.cpp.h; path = Manipulators.hpp; sourceTree = "<group>"; };
		8E4C74071A07D0CF006CF46D /* VertexDerivedData.hpp */ = {isa = PBXFileReference; fileEncoding = 4; lastKnownFileType = sourcecode.cpp.h; path = VertexDerivedData.hpp; sourceTree = "<group>"; };
		8E4C74091A0929D4006CF46D /* BufferStorage.hpp */ = {isa = PBXFileReference; fileEncoding = 4; lastKnownFileType = sourcecode.cpp.h; path = BufferStorage.hpp; sourceTree = "<group>"; };
		8E5C926D1A2123C1007E3774 /* VertexArray.hpp */ = {isa = PBXFileReference; fileEncoding = 4; lastKnownFileType = sourcecode.cpp.h; path = VertexArray.hpp; sourceTree = "<group>"; };
		8E5C926F1A212567007E3774 /* VertexArray.cpp */ = {isa = PBXFileReference; fileEncoding = 4; lastKnownFileType = sourcecode.cpp.cpp; path = VertexArray.cpp; sourceTree = "<group>"; };
		8E6A0DB919B39E1E00DF0921 /* DevicesContext.hpp */ = {isa = PBXFileReference; fileEncoding = 4; lastKnownFileType = sourcecode.cpp.h; path = DevicesContext.hpp; sourceTree = "<group>"; };
		8E6A0DBB19B39E7400DF0921 /* mac_DevicesContext.hpp */ = {isa = PBXFileReference; fileEncoding = 4; lastKnownFileType = sourcecode.cpp.h; path = mac_DevicesContext.hpp; sourceTree = "<group>"; };
		8E6A0DBD19B3A03600DF0921 /* Keyboard.hpp */ = {isa = PBXFileReference; fileEncoding = 4; lastKnownFileType = sourcecode.cpp.h; path = Keyboard.hpp; sourceTree = "<group>"; };
		8E6A0DBF19B3A53E00DF0921 /* mac_DevicesContext.mm */ = {isa = PBXFileReference; fileEncoding = 4; lastKnownFileType = sourcecode.cpp.objcpp; path = mac_DevicesContext.mm; sourceTree = "<group>"; };
		8E6A0DC119B3A5CB00DF0921 /* mac_VKeyCodes.hpp */ = {isa = PBXFileReference; fileEncoding = 4; lastKnownFileType = sourcecode.cpp.h; path = mac_VKeyCodes.hpp; sourceTree = "<group>"; };
		8E6A0DC319B3A7D900DF0921 /* Keyboard.cpp */ = {isa = PBXFileReference; fileEncoding = 4; lastKnownFileType = sourcecode.cpp.cpp; path = Keyboard.cpp; sourceTree = "<group>"; };
		8E89E99A19AD4896001AB2AF /* mac_RenderContext.hpp */ = {isa = PBXFileReference; fileEncoding = 4; lastKnownFileType = sourcecode.cpp.h; path = mac_RenderContext.hpp; sourceTree = "<group>"; };
		8E89E99B19AD4896001AB2AF /* mac_RenderContext.mm */ = {isa = PBXFileReference; fileEncoding = 4; lastKnownFileType = sourcecode.cpp.objcpp; path = mac_RenderContext.mm; sourceTree = "<group>"; };
		8EA7092319D75FC000129E2D /* Mesh.cpp */ = {isa = PBXFileReference; fileEncoding = 4; lastKnownFileType = sourcecode.cpp.cpp; path = Mesh.cpp; sourceTree = "<group>"; };
		8EA7092419D75FC000129E2D /* Mesh.hpp */ = {isa = PBXFileReference; fileEncoding = 4; lastKnownFileType = sourcecode.cpp.h; path = Mesh.hpp; sourceTree = "<group>"; };
		8EA7092519D75FC000129E2D /* Pipeline.hpp */ = {isa = PBXFileReference; fileEncoding = 4; lastKnownFileType = sourcecode.cpp.h; path = Pipeline.hpp; sourceTree = "<group>"; };
		8EA7092719D75FC000129E2D /* RenderContext.hpp */ = {isa = PBXFileReference; fileEncoding = 4; lastKnownFileType = sourcecode.cpp.h; path = RenderContext.hpp; sourceTree = "<group>"; };
		8EA7092819D75FC000129E2D /* Shader.hpp */ = {isa = PBXFileReference; fileEncoding = 4; lastKnownFileType = sourcecode.cpp.h; path = Shader.hpp; sourceTree = "<group>"; };
		8EB49E8219FFEF7D003F687C /* VertexBuffer.cpp */ = {isa = PBXFileReference; fileEncoding = 4; lastKnownFileType = sourcecode.cpp.cpp; path = VertexBuffer.cpp; sourceTree = "<group>"; };
		8EBB0AB519C1022700843A1F /* FrameContext.hpp */ = {isa = PBXFileReference; fileEncoding = 4; lastKnownFileType = sourcecode.cpp.h; path = FrameContext.hpp; sourceTree = "<group>"; };
		8ECBA3961A01AC2900EE0151 /* BufferFields.hpp */ = {isa = PBXFileReference; fileEncoding = 4; lastKnownFileType = sourcecode.cpp.h; path = BufferFields.hpp; sourceTree = "<group>"; };
		8EF71ECB19D8600A00AA373B /* RenderContext.hpp */ = {isa = PBXFileReference; fileEncoding = 4; lastKnownFileType = sourcecode.cpp.h; path = RenderContext.hpp; sourceTree = "<group>"; };
/* End PBXFileReference section */

/* Begin PBXFrameworksBuildPhase section */
		8E112D2A199E53CC0029CD38 /* Frameworks */ = {
			isa = PBXFrameworksBuildPhase;
			buildActionMask = 2147483647;
			files = (
				8E31873619ED460000D3B189 /* OpenGL.framework in Frameworks */,
			);
			runOnlyForDeploymentPostprocessing = 0;
		};
/* End PBXFrameworksBuildPhase section */

/* Begin PBXGroup section */
		8E0EF74419A0E06F00CF38A2 /* audio */ = {
			isa = PBXGroup;
			children = (
				8E0EF74519A0E0BC00CF38A2 /* AudioContext.hpp */,
			);
			path = audio;
			sourceTree = "<group>";
		};
		8E0EF74F19A13B6C00CF38A2 /* runtime */ = {
			isa = PBXGroup;
			children = (
				8E0EF75019A13E4E00CF38A2 /* Client.hpp */,
				8EBB0AB519C1022700843A1F /* FrameContext.hpp */,
				8E147FAC19BB7644002836CA /* RunLoop.hpp */,
				8E147FAE19BB9944002836CA /* RunLoop.cpp */,
			);
			path = runtime;
			sourceTree = "<group>";
		};
		8E112D24199E53CC0029CD38 = {
			isa = PBXGroup;
			children = (
				8E31873519ED460000D3B189 /* OpenGL.framework */,
				8E112D3A199E54AF0029CD38 /* src */,
				8E112D2E199E53CC0029CD38 /* Products */,
			);
			sourceTree = "<group>";
		};
		8E112D2E199E53CC0029CD38 /* Products */ = {
			isa = PBXGroup;
			children = (
				8E112D2D199E53CC0029CD38 /* libstardazed.a */,
			);
			name = Products;
			sourceTree = "<group>";
		};
		8E112D3A199E54AF0029CD38 /* src */ = {
			isa = PBXGroup;
			children = (
				8E112D7D199E5F540029CD38 /* memory */,
				8E112D86199E5F870029CD38 /* container */,
				8E112D8F199E5FC70029CD38 /* util */,
				8E112D3B199E54FE0029CD38 /* math */,
				8E112D9A199E5FE20029CD38 /* render */,
				8E0EF74419A0E06F00CF38A2 /* audio */,
				8E112DC6199E60150029CD38 /* geom */,
				8E6A0DB819B3847700DF0921 /* device */,
				8E112DCB199E60920029CD38 /* controls */,
				8E112DCE199E60A50029CD38 /* scene */,
				8E0EF74F19A13B6C00CF38A2 /* runtime */,
				8E112DE5199E60B70029CD38 /* system */,
			);
			name = src;
			path = /Users/arthur/Documents/Creations/lib/stardazed/src;
			sourceTree = "<absolute>";
		};
		8E112D3B199E54FE0029CD38 /* math */ = {
			isa = PBXGroup;
			children = (
				8E112D3D199E55100029CD38 /* Algorithm.hpp */,
				8E112D3E199E55100029CD38 /* Angle.hpp */,
				8E112D3F199E55100029CD38 /* Constants.hpp */,
				8E112D41199E55100029CD38 /* Matrix.hpp */,
				8E112D40199E55100029CD38 /* Matrix.cpp */,
				8E112D42199E55100029CD38 /* Quaternion.hpp */,
				8E112D43199E55100029CD38 /* Vector.hpp */,
				8E112D3C199E55100029CD38 /* AABB.hpp */,
			);
			path = math;
			sourceTree = "<group>";
		};
		8E112D7D199E5F540029CD38 /* memory */ = {
			isa = PBXGroup;
			children = (
				8E112D7E199E5F540029CD38 /* BasicPoolAllocator.hpp */,
				8E112D7F199E5F540029CD38 /* MemoryResource.hpp */,
				8E112D80199E5F540029CD38 /* STLAllocAdapter.hpp */,
				8E112D81199E5F540029CD38 /* SystemMemoryResource.hpp */,
			);
			path = memory;
			sourceTree = "<group>";
		};
		8E112D86199E5F870029CD38 /* container */ = {
			isa = PBXGroup;
			children = (
				8E112D87199E5F870029CD38 /* FlagSet.hpp */,
				8E112D88199E5F870029CD38 /* ObjectPool.hpp */,
				8E112D89199E5F870029CD38 /* RefTree.hpp */,
				8E112D8A199E5F870029CD38 /* RingBuffer.hpp */,
			);
			path = container;
			sourceTree = "<group>";
		};
		8E112D8F199E5FC70029CD38 /* util */ = {
			isa = PBXGroup;
			children = (
				8E112D90199E5FC70029CD38 /* ConceptTraits.hpp */,
				8E112D91199E5FC70029CD38 /* StringFormat.cpp */,
				8E112D92199E5FC70029CD38 /* StringFormat.hpp */,
				8E112D93199E5FC70029CD38 /* TextFile.cpp */,
				8E112D94199E5FC70029CD38 /* TextFile.hpp */,
			);
			path = util;
			sourceTree = "<group>";
		};
		8E112D9A199E5FE20029CD38 /* render */ = {
			isa = PBXGroup;
			children = (
				8EA7092019D75FA800129E2D /* common */,
				8E112DA1199E5FE20029CD38 /* opengl */,
				8EF71ECB19D8600A00AA373B /* RenderContext.hpp */,
			);
			path = render;
			sourceTree = "<group>";
		};
		8E112DA1199E5FE20029CD38 /* opengl */ = {
			isa = PBXGroup;
			children = (
				8E112DA2199E5FE20029CD38 /* OpenGL.hpp */,
				8E112DA4199E5FE20029CD38 /* Buffer.hpp */,
				8E112DA3199E5FE20029CD38 /* Buffer.cpp */,
				8E5C926D1A2123C1007E3774 /* VertexArray.hpp */,
				8E5C926F1A212567007E3774 /* VertexArray.cpp */,
				8E112DAC199E5FE20029CD38 /* Shader.hpp */,
				8E112DAB199E5FE20029CD38 /* Shader.cpp */,
				8E112DAA199E5FE20029CD38 /* Pipeline.hpp */,
				8E112DA9199E5FE20029CD38 /* Pipeline.cpp */,
				8E89E99A19AD4896001AB2AF /* mac_RenderContext.hpp */,
				8E89E99B19AD4896001AB2AF /* mac_RenderContext.mm */,
			);
			path = opengl;
			sourceTree = "<group>";
		};
		8E112DC6199E60150029CD38 /* geom */ = {
			isa = PBXGroup;
			children = (
				8E112DC8199E60150029CD38 /* Generators.hpp */,
				8E112DC7199E60150029CD38 /* Generators.cpp */,
				8E46C1D119DAE44A009A85A1 /* Manipulators.hpp */,
				8E46C1CE19DAE3E6009A85A1 /* Manipulators.cpp */,
			);
			path = geom;
			sourceTree = "<group>";
		};
		8E112DCB199E60920029CD38 /* controls */ = {
			isa = PBXGroup;
			children = (
				8E19671819ACCADD009CB5E6 /* Bindings.hpp */,
			);
			path = controls;
			sourceTree = "<group>";
		};
		8E112DCE199E60A50029CD38 /* scene */ = {
			isa = PBXGroup;
			children = (
				8E112DD8199E60A50029CD38 /* Transform.cpp */,
				8E112DD9199E60A50029CD38 /* Transform.hpp */,
				8E112DCF199E60A50029CD38 /* Behaviour.cpp */,
				8E112DD0199E60A50029CD38 /* Behaviour.hpp */,
				8E112DD5199E60A50029CD38 /* Entity.hpp */,
				8E112DD1199E60A50029CD38 /* Camera.cpp */,
				8E112DD2199E60A50029CD38 /* Camera.hpp */,
				8E112DD6199E60A50029CD38 /* Scene.cpp */,
				8E112DD7199E60A50029CD38 /* Scene.hpp */,
				8E112DD3199E60A50029CD38 /* SceneController.cpp */,
				8E112DD4199E60A50029CD38 /* SceneController.hpp */,
			);
			path = scene;
			sourceTree = "<group>";
		};
		8E112DE5199E60B70029CD38 /* system */ = {
			isa = PBXGroup;
			children = (
				8E019A5419C602BF009318C5 /* Config.hpp */,
				8E112DE9199E60B70029CD38 /* Time.hpp */,
				8E112DE8199E60B70029CD38 /* Logging.hpp */,
				8E112DE6199E60B70029CD38 /* Application.hpp */,
				8E19672319ACD69F009CB5E6 /* mac_Application.hpp */,
				8E19672419ACD69F009CB5E6 /* mac_Application.mm */,
				8E19672519ACD69F009CB5E6 /* mac_Logging.mm */,
			);
			path = system;
			sourceTree = "<group>";
		};
		8E6A0DB819B3847700DF0921 /* device */ = {
			isa = PBXGroup;
			children = (
				8E6A0DBD19B3A03600DF0921 /* Keyboard.hpp */,
				8E6A0DC319B3A7D900DF0921 /* Keyboard.cpp */,
				8E6A0DB919B39E1E00DF0921 /* DevicesContext.hpp */,
				8E6A0DC119B3A5CB00DF0921 /* mac_VKeyCodes.hpp */,
				8E6A0DBB19B39E7400DF0921 /* mac_DevicesContext.hpp */,
				8E6A0DBF19B3A53E00DF0921 /* mac_DevicesContext.mm */,
			);
			path = device;
			sourceTree = "<group>";
		};
		8EA7092019D75FA800129E2D /* common */ = {
			isa = PBXGroup;
			children = (
				8ECBA3961A01AC2900EE0151 /* BufferFields.hpp */,
				8E4C74091A0929D4006CF46D /* BufferStorage.hpp */,
				8E2389C519F5A04400080E15 /* VertexBuffer.hpp */,
				8EB49E8219FFEF7D003F687C /* VertexBuffer.cpp */,
				8E4C74071A07D0CF006CF46D /* VertexDerivedData.hpp */,
				8EA7092419D75FC000129E2D /* Mesh.hpp */,
				8EA7092319D75FC000129E2D /* Mesh.cpp */,
				8EA7092819D75FC000129E2D /* Shader.hpp */,
				8EA7092519D75FC000129E2D /* Pipeline.hpp */,
				8EA7092719D75FC000129E2D /* RenderContext.hpp */,
			);
			path = common;
			sourceTree = "<group>";
		};
/* End PBXGroup section */

/* Begin PBXHeadersBuildPhase section */
		8E112D2B199E53CC0029CD38 /* Headers */ = {
			isa = PBXHeadersBuildPhase;
			buildActionMask = 2147483647;
			files = (
				8E6A0DBE19B3A03600DF0921 /* Keyboard.hpp in Headers */,
				8E112D4A199E55100029CD38 /* Quaternion.hpp in Headers */,
				8E112D82199E5F540029CD38 /* BasicPoolAllocator.hpp in Headers */,
				8E6A0DC219B3A5CB00DF0921 /* mac_VKeyCodes.hpp in Headers */,
				8E112D47199E55100029CD38 /* Constants.hpp in Headers */,
				8E112D8C199E5F870029CD38 /* ObjectPool.hpp in Headers */,
				8ECBA3971A01AC2900EE0151 /* BufferFields.hpp in Headers */,
				8E4C740A1A0929D4006CF46D /* BufferStorage.hpp in Headers */,
				8EA7092E19D75FC000129E2D /* Pipeline.hpp in Headers */,
				8E112DDD199E60A50029CD38 /* Camera.hpp in Headers */,
				8E6A0DBA19B39E1E00DF0921 /* DevicesContext.hpp in Headers */,
				8E112DEA199E60B70029CD38 /* Application.hpp in Headers */,
				8EA7093119D75FC000129E2D /* Shader.hpp in Headers */,
				8E112DB9199E5FE20029CD38 /* Buffer.hpp in Headers */,
				8E112DDB199E60A50029CD38 /* Behaviour.hpp in Headers */,
				8E19672619ACD69F009CB5E6 /* mac_Application.hpp in Headers */,
				8E112D46199E55100029CD38 /* Angle.hpp in Headers */,
				8E112DBF199E5FE20029CD38 /* Pipeline.hpp in Headers */,
				8E112DE0199E60A50029CD38 /* Entity.hpp in Headers */,
				8E0EF75119A13E4E00CF38A2 /* Client.hpp in Headers */,
				8E112DE4199E60A50029CD38 /* Transform.hpp in Headers */,
				8E112DCA199E60150029CD38 /* Generators.hpp in Headers */,
				8E147FAD19BB7644002836CA /* RunLoop.hpp in Headers */,
				8E112D97199E5FC70029CD38 /* StringFormat.hpp in Headers */,
				8E112D45199E55100029CD38 /* Algorithm.hpp in Headers */,
				8E112D44199E55100029CD38 /* AABB.hpp in Headers */,
				8E112D83199E5F540029CD38 /* MemoryResource.hpp in Headers */,
				8EA7093019D75FC000129E2D /* RenderContext.hpp in Headers */,
				8E112DEC199E60B70029CD38 /* Logging.hpp in Headers */,
				8E2389C619F5A04400080E15 /* VertexBuffer.hpp in Headers */,
				8E112DDF199E60A50029CD38 /* SceneController.hpp in Headers */,
				8E112DE2199E60A50029CD38 /* Scene.hpp in Headers */,
				8E0EF74619A0E0BC00CF38A2 /* AudioContext.hpp in Headers */,
				8E4C74081A07D0CF006CF46D /* VertexDerivedData.hpp in Headers */,
				8E5C926E1A2123C1007E3774 /* VertexArray.hpp in Headers */,
				8E112DED199E60B70029CD38 /* Time.hpp in Headers */,
				8E112D8B199E5F870029CD38 /* FlagSet.hpp in Headers */,
				8E019A5519C602BF009318C5 /* Config.hpp in Headers */,
				8E6A0DBC19B39E7400DF0921 /* mac_DevicesContext.hpp in Headers */,
				8E112D8E199E5F870029CD38 /* RingBuffer.hpp in Headers */,
				8E112D95199E5FC70029CD38 /* ConceptTraits.hpp in Headers */,
				8E112DB7199E5FE20029CD38 /* OpenGL.hpp in Headers */,
				8EA7092D19D75FC000129E2D /* Mesh.hpp in Headers */,
				8E112D85199E5F540029CD38 /* SystemMemoryResource.hpp in Headers */,
				8E19671919ACCADD009CB5E6 /* Bindings.hpp in Headers */,
				8E112D4B199E55100029CD38 /* Vector.hpp in Headers */,
				8E89E99C19AD4896001AB2AF /* mac_RenderContext.hpp in Headers */,
				8E112DC1199E5FE20029CD38 /* Shader.hpp in Headers */,
				8E112D84199E5F540029CD38 /* STLAllocAdapter.hpp in Headers */,
				8E112D8D199E5F870029CD38 /* RefTree.hpp in Headers */,
				8E112D49199E55100029CD38 /* Matrix.hpp in Headers */,
				8EBB0AB619C1022700843A1F /* FrameContext.hpp in Headers */,
				8EF71ECD19D8600A00AA373B /* RenderContext.hpp in Headers */,
				8E112D99199E5FC70029CD38 /* TextFile.hpp in Headers */,
			);
			runOnlyForDeploymentPostprocessing = 0;
		};
/* End PBXHeadersBuildPhase section */

/* Begin PBXNativeTarget section */
		8E112D2C199E53CC0029CD38 /* stardazed */ = {
			isa = PBXNativeTarget;
			buildConfigurationList = 8E112D31199E53CC0029CD38 /* Build configuration list for PBXNativeTarget "stardazed" */;
			buildPhases = (
				8E112D29199E53CC0029CD38 /* Sources */,
				8E112D2A199E53CC0029CD38 /* Frameworks */,
				8E112D2B199E53CC0029CD38 /* Headers */,
			);
			buildRules = (
			);
			dependencies = (
			);
			name = stardazed;
			productName = stardazed;
			productReference = 8E112D2D199E53CC0029CD38 /* libstardazed.a */;
			productType = "com.apple.product-type.library.static";
		};
/* End PBXNativeTarget section */

/* Begin PBXProject section */
		8E112D25199E53CC0029CD38 /* Project object */ = {
			isa = PBXProject;
			attributes = {
				LastUpgradeCheck = 0600;
				ORGANIZATIONNAME = xfinitegames;
			};
			buildConfigurationList = 8E112D28199E53CC0029CD38 /* Build configuration list for PBXProject "stardazed" */;
			compatibilityVersion = "Xcode 3.2";
			developmentRegion = English;
			hasScannedForEncodings = 0;
			knownRegions = (
				en,
			);
			mainGroup = 8E112D24199E53CC0029CD38;
			productRefGroup = 8E112D2E199E53CC0029CD38 /* Products */;
			projectDirPath = "";
			projectRoot = "";
			targets = (
				8E112D2C199E53CC0029CD38 /* stardazed */,
			);
		};
/* End PBXProject section */

/* Begin PBXSourcesBuildPhase section */
		8E112D29199E53CC0029CD38 /* Sources */ = {
			isa = PBXSourcesBuildPhase;
			buildActionMask = 2147483647;
			files = (
				8E19672819ACD69F009CB5E6 /* mac_Logging.mm in Sources */,
				8E112DDC199E60A50029CD38 /* Camera.cpp in Sources */,
				8E46C1D019DAE3E6009A85A1 /* Manipulators.cpp in Sources */,
				8EA7092C19D75FC000129E2D /* Mesh.cpp in Sources */,
				8E19672719ACD69F009CB5E6 /* mac_Application.mm in Sources */,
				8E112DBE199E5FE20029CD38 /* Pipeline.cpp in Sources */,
				8E112DE1199E60A50029CD38 /* Scene.cpp in Sources */,
				8EB49E8319FFEF7D003F687C /* VertexBuffer.cpp in Sources */,
				8E147FAF19BB9944002836CA /* RunLoop.cpp in Sources */,
				8E112DC0199E5FE20029CD38 /* Shader.cpp in Sources */,
				8E6A0DC019B3A53E00DF0921 /* mac_DevicesContext.mm in Sources */,
				8E5C92701A212567007E3774 /* VertexArray.cpp in Sources */,
				8E89E99D19AD4896001AB2AF /* mac_RenderContext.mm in Sources */,
				8E112DC9199E60150029CD38 /* Generators.cpp in Sources */,
				8E112D48199E55100029CD38 /* Matrix.cpp in Sources */,
				8E112DDA199E60A50029CD38 /* Behaviour.cpp in Sources */,
				8E112DE3199E60A50029CD38 /* Transform.cpp in Sources */,
				8E112D98199E5FC70029CD38 /* TextFile.cpp in Sources */,
				8E112D96199E5FC70029CD38 /* StringFormat.cpp in Sources */,
				8E112DB8199E5FE20029CD38 /* Buffer.cpp in Sources */,
				8E112DDE199E60A50029CD38 /* SceneController.cpp in Sources */,
				8E6A0DC419B3A7D900DF0921 /* Keyboard.cpp in Sources */,
			);
			runOnlyForDeploymentPostprocessing = 0;
		};
/* End PBXSourcesBuildPhase section */

/* Begin XCBuildConfiguration section */
		8E112D2F199E53CC0029CD38 /* Debug */ = {
			isa = XCBuildConfiguration;
			buildSettings = {
				ALWAYS_SEARCH_USER_PATHS = NO;
				CLANG_CXX_LANGUAGE_STANDARD = "gnu++0x";
				CLANG_CXX_LIBRARY = "libc++";
				CLANG_ENABLE_MODULES = YES;
				CLANG_ENABLE_OBJC_ARC = YES;
				CLANG_WARN_BOOL_CONVERSION = YES;
				CLANG_WARN_CONSTANT_CONVERSION = YES;
				CLANG_WARN_DIRECT_OBJC_ISA_USAGE = YES_ERROR;
				CLANG_WARN_EMPTY_BODY = YES;
				CLANG_WARN_ENUM_CONVERSION = YES;
				CLANG_WARN_INT_CONVERSION = YES;
				CLANG_WARN_OBJC_ROOT_CLASS = YES_ERROR;
				CLANG_WARN__DUPLICATE_METHOD_MATCH = YES;
				COPY_PHASE_STRIP = NO;
				GCC_C_LANGUAGE_STANDARD = gnu99;
				GCC_DYNAMIC_NO_PIC = NO;
				GCC_ENABLE_OBJC_EXCEPTIONS = YES;
				GCC_OPTIMIZATION_LEVEL = 0;
				GCC_PREPROCESSOR_DEFINITIONS = (
					"DEBUG=1",
					"$(inherited)",
				);
				GCC_SYMBOLS_PRIVATE_EXTERN = NO;
				GCC_WARN_64_TO_32_BIT_CONVERSION = YES;
				GCC_WARN_ABOUT_RETURN_TYPE = YES_ERROR;
				GCC_WARN_UNDECLARED_SELECTOR = YES;
				GCC_WARN_UNINITIALIZED_AUTOS = YES_AGGRESSIVE;
				GCC_WARN_UNUSED_FUNCTION = YES;
				GCC_WARN_UNUSED_VARIABLE = YES;
				HEADER_SEARCH_PATHS = (
					"$(inherited)",
					/Applications/Xcode.app/Contents/Developer/Toolchains/XcodeDefault.xctoolchain/usr/include,
					../src/,
				);
				MACOSX_DEPLOYMENT_TARGET = 10.9;
				ONLY_ACTIVE_ARCH = YES;
				OTHER_CPLUSPLUSFLAGS = (
					"$(OTHER_CFLAGS)",
					"-std=c++1y",
					"-Wall",
					"-Wextra",
					"-Wno-missing-braces",
					"-Wglobal-constructors",
				);
				SDKROOT = macosx;
			};
			name = Debug;
		};
		8E112D30199E53CC0029CD38 /* Release */ = {
			isa = XCBuildConfiguration;
			buildSettings = {
				ALWAYS_SEARCH_USER_PATHS = NO;
				CLANG_CXX_LANGUAGE_STANDARD = "gnu++0x";
				CLANG_CXX_LIBRARY = "libc++";
				CLANG_ENABLE_MODULES = YES;
				CLANG_ENABLE_OBJC_ARC = YES;
				CLANG_WARN_BOOL_CONVERSION = YES;
				CLANG_WARN_CONSTANT_CONVERSION = YES;
				CLANG_WARN_DIRECT_OBJC_ISA_USAGE = YES_ERROR;
				CLANG_WARN_EMPTY_BODY = YES;
				CLANG_WARN_ENUM_CONVERSION = YES;
				CLANG_WARN_INT_CONVERSION = YES;
				CLANG_WARN_OBJC_ROOT_CLASS = YES_ERROR;
				CLANG_WARN__DUPLICATE_METHOD_MATCH = YES;
				COPY_PHASE_STRIP = YES;
				DEBUG_INFORMATION_FORMAT = "dwarf-with-dsym";
				ENABLE_NS_ASSERTIONS = NO;
				GCC_C_LANGUAGE_STANDARD = gnu99;
				GCC_ENABLE_OBJC_EXCEPTIONS = YES;
				GCC_WARN_64_TO_32_BIT_CONVERSION = YES;
				GCC_WARN_ABOUT_RETURN_TYPE = YES_ERROR;
				GCC_WARN_UNDECLARED_SELECTOR = YES;
				GCC_WARN_UNINITIALIZED_AUTOS = YES_AGGRESSIVE;
				GCC_WARN_UNUSED_FUNCTION = YES;
				GCC_WARN_UNUSED_VARIABLE = YES;
				HEADER_SEARCH_PATHS = (
					"$(inherited)",
					/Applications/Xcode.app/Contents/Developer/Toolchains/XcodeDefault.xctoolchain/usr/include,
					../src/,
				);
				MACOSX_DEPLOYMENT_TARGET = 10.9;
				OTHER_CPLUSPLUSFLAGS = (
					"$(OTHER_CFLAGS)",
					"-std=c++1y",
					"-Wall",
					"-Wextra",
					"-Wno-missing-braces",
					"-Wglobal-constructors",
				);
				SDKROOT = macosx;
			};
			name = Release;
		};
		8E112D32199E53CC0029CD38 /* Debug */ = {
			isa = XCBuildConfiguration;
			buildSettings = {
				COMBINE_HIDPI_IMAGES = YES;
				EXECUTABLE_PREFIX = lib;
				PRODUCT_NAME = "$(TARGET_NAME)";
			};
			name = Debug;
		};
		8E112D33199E53CC0029CD38 /* Release */ = {
			isa = XCBuildConfiguration;
			buildSettings = {
				COMBINE_HIDPI_IMAGES = YES;
				EXECUTABLE_PREFIX = lib;
				PRODUCT_NAME = "$(TARGET_NAME)";
			};
			name = Release;
		};
/* End XCBuildConfiguration section */

/* Begin XCConfigurationList section */
		8E112D28199E53CC0029CD38 /* Build configuration list for PBXProject "stardazed" */ = {
			isa = XCConfigurationList;
			buildConfigurations = (
				8E112D2F199E53CC0029CD38 /* Debug */,
				8E112D30199E53CC0029CD38 /* Release */,
			);
			defaultConfigurationIsVisible = 0;
			defaultConfigurationName = Release;
		};
		8E112D31199E53CC0029CD38 /* Build configuration list for PBXNativeTarget "stardazed" */ = {
			isa = XCConfigurationList;
			buildConfigurations = (
				8E112D32199E53CC0029CD38 /* Debug */,
				8E112D33199E53CC0029CD38 /* Release */,
			);
			defaultConfigurationIsVisible = 0;
			defaultConfigurationName = Release;
		};
/* End XCConfigurationList section */
	};
	rootObject = 8E112D25199E53CC0029CD38 /* Project object */;
}
