// !$*UTF8*$!
{
	archiveVersion = 1;
	classes = {
	};
	objectVersion = 47;
	objects = {

/* Begin PBXBuildFile section */
		8E019A5519C602BF009318C5 /* Config.hpp in Headers */ = {isa = PBXBuildFile; fileRef = 8E019A5419C602BF009318C5 /* Config.hpp */; };
		8E07941C1B77DEBD00766FFB /* Behaviour.cpp in Sources */ = {isa = PBXBuildFile; fileRef = 8E07941A1B77DEBD00766FFB /* Behaviour.cpp */; };
		8E07941D1B77DEBD00766FFB /* Behaviour.hpp in Headers */ = {isa = PBXBuildFile; fileRef = 8E07941B1B77DEBD00766FFB /* Behaviour.hpp */; };
		8E0EF74619A0E0BC00CF38A2 /* AudioContext.hpp in Headers */ = {isa = PBXBuildFile; fileRef = 8E0EF74519A0E0BC00CF38A2 /* AudioContext.hpp */; };
		8E112D45199E55100029CD38 /* Algorithm.hpp in Headers */ = {isa = PBXBuildFile; fileRef = 8E112D3D199E55100029CD38 /* Algorithm.hpp */; };
		8E112D46199E55100029CD38 /* Angle.hpp in Headers */ = {isa = PBXBuildFile; fileRef = 8E112D3E199E55100029CD38 /* Angle.hpp */; };
		8E112D47199E55100029CD38 /* Constants.hpp in Headers */ = {isa = PBXBuildFile; fileRef = 8E112D3F199E55100029CD38 /* Constants.hpp */; };
		8E112D48199E55100029CD38 /* Matrix.cpp in Sources */ = {isa = PBXBuildFile; fileRef = 8E112D40199E55100029CD38 /* Matrix.cpp */; };
		8E112D49199E55100029CD38 /* Matrix.hpp in Headers */ = {isa = PBXBuildFile; fileRef = 8E112D41199E55100029CD38 /* Matrix.hpp */; };
		8E112D4A199E55100029CD38 /* Quaternion.hpp in Headers */ = {isa = PBXBuildFile; fileRef = 8E112D42199E55100029CD38 /* Quaternion.hpp */; };
		8E112D4B199E55100029CD38 /* Vector.hpp in Headers */ = {isa = PBXBuildFile; fileRef = 8E112D43199E55100029CD38 /* Vector.hpp */; };
		8E112D84199E5F540029CD38 /* STLAllocAdapter.hpp in Headers */ = {isa = PBXBuildFile; fileRef = 8E112D80199E5F540029CD38 /* STLAllocAdapter.hpp */; };
		8E112D8B199E5F870029CD38 /* FlagSet.hpp in Headers */ = {isa = PBXBuildFile; fileRef = 8E112D87199E5F870029CD38 /* FlagSet.hpp */; };
		8E112D95199E5FC70029CD38 /* ConceptTraits.hpp in Headers */ = {isa = PBXBuildFile; fileRef = 8E112D90199E5FC70029CD38 /* ConceptTraits.hpp */; };
		8E112D96199E5FC70029CD38 /* StringFormat.cpp in Sources */ = {isa = PBXBuildFile; fileRef = 8E112D91199E5FC70029CD38 /* StringFormat.cpp */; };
		8E112D97199E5FC70029CD38 /* StringFormat.hpp in Headers */ = {isa = PBXBuildFile; fileRef = 8E112D92199E5FC70029CD38 /* StringFormat.hpp */; };
		8E112D98199E5FC70029CD38 /* TextFile.cpp in Sources */ = {isa = PBXBuildFile; fileRef = 8E112D93199E5FC70029CD38 /* TextFile.cpp */; };
		8E112D99199E5FC70029CD38 /* TextFile.hpp in Headers */ = {isa = PBXBuildFile; fileRef = 8E112D94199E5FC70029CD38 /* TextFile.hpp */; };
		8E112DB7199E5FE20029CD38 /* OpenGL.hpp in Headers */ = {isa = PBXBuildFile; fileRef = 8E112DA2199E5FE20029CD38 /* OpenGL.hpp */; };
		8E112DB8199E5FE20029CD38 /* Buffer.cpp in Sources */ = {isa = PBXBuildFile; fileRef = 8E112DA3199E5FE20029CD38 /* Buffer.cpp */; };
		8E112DB9199E5FE20029CD38 /* Buffer.hpp in Headers */ = {isa = PBXBuildFile; fileRef = 8E112DA4199E5FE20029CD38 /* Buffer.hpp */; };
		8E112DBE199E5FE20029CD38 /* Pipeline.cpp in Sources */ = {isa = PBXBuildFile; fileRef = 8E112DA9199E5FE20029CD38 /* Pipeline.cpp */; };
		8E112DBF199E5FE20029CD38 /* Pipeline.hpp in Headers */ = {isa = PBXBuildFile; fileRef = 8E112DAA199E5FE20029CD38 /* Pipeline.hpp */; };
		8E112DC0199E5FE20029CD38 /* Shader.cpp in Sources */ = {isa = PBXBuildFile; fileRef = 8E112DAB199E5FE20029CD38 /* Shader.cpp */; };
		8E112DC1199E5FE20029CD38 /* Shader.hpp in Headers */ = {isa = PBXBuildFile; fileRef = 8E112DAC199E5FE20029CD38 /* Shader.hpp */; };
		8E112DDC199E60A50029CD38 /* Camera.cpp in Sources */ = {isa = PBXBuildFile; fileRef = 8E112DD1199E60A50029CD38 /* Camera.cpp */; };
		8E112DDD199E60A50029CD38 /* Camera.hpp in Headers */ = {isa = PBXBuildFile; fileRef = 8E112DD2199E60A50029CD38 /* Camera.hpp */; };
		8E112DE0199E60A50029CD38 /* Entity.hpp in Headers */ = {isa = PBXBuildFile; fileRef = 8E112DD5199E60A50029CD38 /* Entity.hpp */; };
		8E112DE1199E60A50029CD38 /* Scene.cpp in Sources */ = {isa = PBXBuildFile; fileRef = 8E112DD6199E60A50029CD38 /* Scene.cpp */; };
		8E112DE2199E60A50029CD38 /* Scene.hpp in Headers */ = {isa = PBXBuildFile; fileRef = 8E112DD7199E60A50029CD38 /* Scene.hpp */; };
		8E112DEA199E60B70029CD38 /* Application.hpp in Headers */ = {isa = PBXBuildFile; fileRef = 8E112DE6199E60B70029CD38 /* Application.hpp */; };
		8E112DEC199E60B70029CD38 /* Logging.hpp in Headers */ = {isa = PBXBuildFile; fileRef = 8E112DE8199E60B70029CD38 /* Logging.hpp */; };
		8E112DED199E60B70029CD38 /* Time.hpp in Headers */ = {isa = PBXBuildFile; fileRef = 8E112DE9199E60B70029CD38 /* Time.hpp */; };
		8E1599271AF9012C00A62CE1 /* PixelFormat.hpp in Headers */ = {isa = PBXBuildFile; fileRef = 8E1599261AF9012C00A62CE1 /* PixelFormat.hpp */; };
		8E15992A1AF9034700A62CE1 /* PixelBuffer.cpp in Sources */ = {isa = PBXBuildFile; fileRef = 8E1599291AF9034700A62CE1 /* PixelBuffer.cpp */; };
		8E15992C1AF9054200A62CE1 /* PixelFormat.hpp in Headers */ = {isa = PBXBuildFile; fileRef = 8E15992B1AF9054200A62CE1 /* PixelFormat.hpp */; };
		8E19672619ACD69F009CB5E6 /* mac_Application.hpp in Headers */ = {isa = PBXBuildFile; fileRef = 8E19672319ACD69F009CB5E6 /* mac_Application.hpp */; };
		8E19672719ACD69F009CB5E6 /* mac_Application.mm in Sources */ = {isa = PBXBuildFile; fileRef = 8E19672419ACD69F009CB5E6 /* mac_Application.mm */; };
		8E19672819ACD69F009CB5E6 /* mac_Logging.mm in Sources */ = {isa = PBXBuildFile; fileRef = 8E19672519ACD69F009CB5E6 /* mac_Logging.mm */; };
		8E1E4B031B989D1B00784D25 /* LWOLoader.hpp in Headers */ = {isa = PBXBuildFile; fileRef = 8E1E4B011B989D1B00784D25 /* LWOLoader.hpp */; };
		8E221FB31B56F6F8006E5CFD /* Transform.hpp in Headers */ = {isa = PBXBuildFile; fileRef = 8E221FB21B56F6F8006E5CFD /* Transform.hpp */; };
		8E221FB51B56FEAE006E5CFD /* Transform.cpp in Sources */ = {isa = PBXBuildFile; fileRef = 8E221FB41B56FEAE006E5CFD /* Transform.cpp */; };
		8E2389C619F5A04400080E15 /* VertexBuffer.hpp in Headers */ = {isa = PBXBuildFile; fileRef = 8E2389C519F5A04400080E15 /* VertexBuffer.hpp */; };
		8E25240D1B4D291200CC4789 /* Light.cpp in Sources */ = {isa = PBXBuildFile; fileRef = 8E25240C1B4D291200CC4789 /* Light.cpp */; };
		8E2864531B4694E100FD436D /* Generators.cpp in Sources */ = {isa = PBXBuildFile; fileRef = 8E28644F1B4694E100FD436D /* Generators.cpp */; };
		8E2864541B4694E100FD436D /* Generators.hpp in Headers */ = {isa = PBXBuildFile; fileRef = 8E2864501B4694E100FD436D /* Generators.hpp */; };
		8E2864551B4694E100FD436D /* Manipulators.cpp in Sources */ = {isa = PBXBuildFile; fileRef = 8E2864511B4694E100FD436D /* Manipulators.cpp */; };
		8E2864561B4694E100FD436D /* Manipulators.hpp in Headers */ = {isa = PBXBuildFile; fileRef = 8E2864521B4694E100FD436D /* Manipulators.hpp */; };
		8E2864581B46963900FD436D /* StandardModel.hpp in Headers */ = {isa = PBXBuildFile; fileRef = 8E2864571B46963900FD436D /* StandardModel.hpp */; };
		8E28645A1B469ECD00FD436D /* StandardModel.cpp in Sources */ = {isa = PBXBuildFile; fileRef = 8E2864591B469ECD00FD436D /* StandardModel.cpp */; };
		8E28645D1B46D4C500FD436D /* Buffer.hpp in Headers */ = {isa = PBXBuildFile; fileRef = 8E28645C1B46D4C500FD436D /* Buffer.hpp */; };
		8E307AD71B7E7BEB0012FD16 /* Collider.cpp in Sources */ = {isa = PBXBuildFile; fileRef = 8E5372601B31B49E002C1538 /* Collider.cpp */; };
		8E31873619ED460000D3B189 /* OpenGL.framework in Frameworks */ = {isa = PBXBuildFile; fileRef = 8E31873519ED460000D3B189 /* OpenGL.framework */; };
		8E43CDA01B4C7F89009D24B5 /* Light.hpp in Headers */ = {isa = PBXBuildFile; fileRef = 8E43CD9F1B4C7F89009D24B5 /* Light.hpp */; };
		8E44B4031A3EFD390059C57D /* mac_AudioContext.mm in Sources */ = {isa = PBXBuildFile; fileRef = 8E44B4021A3EFD390059C57D /* mac_AudioContext.mm */; };
		8E44B4051A3F41380059C57D /* AudioUnit.framework in Frameworks */ = {isa = PBXBuildFile; fileRef = 8E44B4041A3F41380059C57D /* AudioUnit.framework */; };
		8E4C74081A07D0CF006CF46D /* VertexDerivedData.hpp in Headers */ = {isa = PBXBuildFile; fileRef = 8E4C74071A07D0CF006CF46D /* VertexDerivedData.hpp */; };
		8E5372551B304201002C1538 /* Collider.hpp in Headers */ = {isa = PBXBuildFile; fileRef = 8E5372541B304201002C1538 /* Collider.hpp */; };
		8E53725B1B3185F5002C1538 /* mac_Time.cpp in Sources */ = {isa = PBXBuildFile; fileRef = 8E53725A1B3185F5002C1538 /* mac_Time.cpp */; };
		8E53725E1B31B0AC002C1538 /* Bounds.cpp in Sources */ = {isa = PBXBuildFile; fileRef = 8E53725C1B31B0AC002C1538 /* Bounds.cpp */; };
		8E53725F1B31B0AC002C1538 /* Bounds.hpp in Headers */ = {isa = PBXBuildFile; fileRef = 8E53725D1B31B0AC002C1538 /* Bounds.hpp */; };
		8E5372631B332C3A002C1538 /* PhysicMaterial.hpp in Headers */ = {isa = PBXBuildFile; fileRef = 8E5372621B332C3A002C1538 /* PhysicMaterial.hpp */; };
		8E54FE591A6F0AD3003D649A /* Texture.hpp in Headers */ = {isa = PBXBuildFile; fileRef = 8E54FE581A6F0AD3003D649A /* Texture.hpp */; };
		8E54FE5B1A6F0BC7003D649A /* Texture.cpp in Sources */ = {isa = PBXBuildFile; fileRef = 8E54FE5A1A6F0BC7003D649A /* Texture.cpp */; };
		8E5C53AB1B1869B100F74804 /* RenderPass.hpp in Headers */ = {isa = PBXBuildFile; fileRef = 8E5C53AA1B1869B100F74804 /* RenderPass.hpp */; };
		8E5C53AD1B186B6900F74804 /* RenderPass.cpp in Sources */ = {isa = PBXBuildFile; fileRef = 8E5C53AC1B186B6900F74804 /* RenderPass.cpp */; };
		8E5C926E1A2123C1007E3774 /* Mesh.hpp in Headers */ = {isa = PBXBuildFile; fileRef = 8E5C926D1A2123C1007E3774 /* Mesh.hpp */; };
		8E5C92701A212567007E3774 /* Mesh.cpp in Sources */ = {isa = PBXBuildFile; fileRef = 8E5C926F1A212567007E3774 /* Mesh.cpp */; };
		8E6A0DBE19B3A03600DF0921 /* input.hpp in Headers */ = {isa = PBXBuildFile; fileRef = 8E6A0DBD19B3A03600DF0921 /* input.hpp */; };
		8E6A0DC019B3A53E00DF0921 /* mac_controller.mm in Sources */ = {isa = PBXBuildFile; fileRef = 8E6A0DBF19B3A53E00DF0921 /* mac_controller.mm */; };
		8E6A0DC219B3A5CB00DF0921 /* mac_VKeyCodes.hpp in Headers */ = {isa = PBXBuildFile; fileRef = 8E6A0DC119B3A5CB00DF0921 /* mac_VKeyCodes.hpp */; };
		8E6A0DC419B3A7D900DF0921 /* input.cpp in Sources */ = {isa = PBXBuildFile; fileRef = 8E6A0DC319B3A7D900DF0921 /* input.cpp */; };
		8E6E53A41A7FC0AF00844C70 /* FrameBuffer.hpp in Headers */ = {isa = PBXBuildFile; fileRef = 8E6E53A31A7FC0AF00844C70 /* FrameBuffer.hpp */; };
		8E6E53A61A7FC10700844C70 /* FrameBuffer.cpp in Sources */ = {isa = PBXBuildFile; fileRef = 8E6E53A51A7FC10700844C70 /* FrameBuffer.cpp */; };
		8E6E53B31A8113C100844C70 /* Light.hpp in Headers */ = {isa = PBXBuildFile; fileRef = 8E6E53B21A8113C100844C70 /* Light.hpp */; };
		8E71E4511A40EE460060DC95 /* IOKit.framework in Frameworks */ = {isa = PBXBuildFile; fileRef = 8E71E4501A40EE460060DC95 /* IOKit.framework */; };
		8E71E4531A40F9550060DC95 /* mac_360driver.hpp in Headers */ = {isa = PBXBuildFile; fileRef = 8E71E4521A40F9550060DC95 /* mac_360driver.hpp */; };
		8E71E4551A40FB170060DC95 /* controller.hpp in Headers */ = {isa = PBXBuildFile; fileRef = 8E71E4541A40FB170060DC95 /* controller.hpp */; };
		8E7749D11B25E7B5003843FA /* RigidBody.hpp in Headers */ = {isa = PBXBuildFile; fileRef = 8E7749D01B25E7B5003843FA /* RigidBody.hpp */; };
		8E86FBDA1A923BE5001BCBCE /* FileSystem.hpp in Headers */ = {isa = PBXBuildFile; fileRef = 8E86FBD91A923BE5001BCBCE /* FileSystem.hpp */; };
		8E86FBDC1A923DD5001BCBCE /* mac_FileSystem.cpp in Sources */ = {isa = PBXBuildFile; fileRef = 8E86FBDB1A923DD5001BCBCE /* mac_FileSystem.cpp */; };
		8E86FBDF1A9650BD001BCBCE /* Plane.hpp in Headers */ = {isa = PBXBuildFile; fileRef = 8E86FBDE1A9650BD001BCBCE /* Plane.hpp */; };
		8E8876511B5E4C9300F35493 /* Array.hpp in Headers */ = {isa = PBXBuildFile; fileRef = 8E8876501B5E4C9300F35493 /* Array.hpp */; };
		8E8876571B5FBE9F00F35493 /* Block.cpp in Sources */ = {isa = PBXBuildFile; fileRef = 8E8876561B5FBE9F00F35493 /* Block.cpp */; };
		8E88765C1B60F84800F35493 /* Arena.hpp in Headers */ = {isa = PBXBuildFile; fileRef = 8E88765B1B60F84800F35493 /* Arena.hpp */; };
		8E89E99C19AD4896001AB2AF /* mac_GLRenderContext.hpp in Headers */ = {isa = PBXBuildFile; fileRef = 8E89E99A19AD4896001AB2AF /* mac_GLRenderContext.hpp */; };
		8E89E99D19AD4896001AB2AF /* mac_GLRenderContext.mm in Sources */ = {isa = PBXBuildFile; fileRef = 8E89E99B19AD4896001AB2AF /* mac_GLRenderContext.mm */; };
		8E8D22B51B1A0A6500A876E5 /* ShaderLibrary.hpp in Headers */ = {isa = PBXBuildFile; fileRef = 8E8D22B41B1A0A6500A876E5 /* ShaderLibrary.hpp */; };
		8E8D22B71B1A1E4D00A876E5 /* VertexLayout.hpp in Headers */ = {isa = PBXBuildFile; fileRef = 8E8D22B61B1A1E4D00A876E5 /* VertexLayout.hpp */; };
		8E8D22B91B1B264F00A876E5 /* VertexLayout.cpp in Sources */ = {isa = PBXBuildFile; fileRef = 8E8D22B81B1B264F00A876E5 /* VertexLayout.cpp */; };
		8E90F1251A6D51B700AD015B /* Texture.cpp in Sources */ = {isa = PBXBuildFile; fileRef = 8E90F1241A6D51B700AD015B /* Texture.cpp */; };
		8E90F1271A6D636500AD015B /* Texture.hpp in Headers */ = {isa = PBXBuildFile; fileRef = 8E90F1261A6D636500AD015B /* Texture.hpp */; };
		8E9214491B15FBE7006CBE05 /* RenderPass.hpp in Headers */ = {isa = PBXBuildFile; fileRef = 8E9214481B15FBE7006CBE05 /* RenderPass.hpp */; };
		8EA1AB5C1B6F7BB2002F3126 /* RendererShared.hpp in Headers */ = {isa = PBXBuildFile; fileRef = 8EA1AB5A1B6F7BB2002F3126 /* RendererShared.hpp */; };
		8EA7092C19D75FC000129E2D /* Mesh.cpp in Sources */ = {isa = PBXBuildFile; fileRef = 8EA7092319D75FC000129E2D /* Mesh.cpp */; };
		8EA7092D19D75FC000129E2D /* Mesh.hpp in Headers */ = {isa = PBXBuildFile; fileRef = 8EA7092419D75FC000129E2D /* Mesh.hpp */; };
		8EA7092E19D75FC000129E2D /* Pipeline.hpp in Headers */ = {isa = PBXBuildFile; fileRef = 8EA7092519D75FC000129E2D /* Pipeline.hpp */; };
		8EA7093019D75FC000129E2D /* RenderContext.hpp in Headers */ = {isa = PBXBuildFile; fileRef = 8EA7092719D75FC000129E2D /* RenderContext.hpp */; };
		8EA7093119D75FC000129E2D /* Shader.hpp in Headers */ = {isa = PBXBuildFile; fileRef = 8EA7092819D75FC000129E2D /* Shader.hpp */; };
		8EACE1911B590AD70043814F /* Block.hpp in Headers */ = {isa = PBXBuildFile; fileRef = 8EACE1901B590AD70043814F /* Block.hpp */; };
		8EB49E8319FFEF7D003F687C /* VertexBuffer.cpp in Sources */ = {isa = PBXBuildFile; fileRef = 8EB49E8219FFEF7D003F687C /* VertexBuffer.cpp */; };
		8EC145F91A869D12004D533A /* OpenGL.cpp in Sources */ = {isa = PBXBuildFile; fileRef = 8EC145F81A869D12004D533A /* OpenGL.cpp */; };
		8EC31E9E1B1E08D800AF9582 /* IndexBuffer.hpp in Headers */ = {isa = PBXBuildFile; fileRef = 8EC31E9D1B1E08D800AF9582 /* IndexBuffer.hpp */; };
		8EC31EA01B1E0ABF00AF9582 /* IndexBuffer.cpp in Sources */ = {isa = PBXBuildFile; fileRef = 8EC31E9F1B1E0ABF00AF9582 /* IndexBuffer.cpp */; };
		8EC31EA21B1F2C5A00AF9582 /* STLBufferIterator.hpp in Headers */ = {isa = PBXBuildFile; fileRef = 8EC31EA11B1F2C5A00AF9582 /* STLBufferIterator.hpp */; };
		8EC31EA41B209AC700AF9582 /* VertexDerivedData.cpp in Sources */ = {isa = PBXBuildFile; fileRef = 8EC31EA31B209AC700AF9582 /* VertexDerivedData.cpp */; };
		8EC342AE1ACC90A50020F3EC /* jpgd.cpp in Sources */ = {isa = PBXBuildFile; fileRef = 8EC342AC1ACC90A50020F3EC /* jpgd.cpp */; };
		8EC342AF1ACC90A50020F3EC /* jpgd.h in Headers */ = {isa = PBXBuildFile; fileRef = 8EC342AD1ACC90A50020F3EC /* jpgd.h */; };
		8EC4547F1C3A929F0016AD9B /* RunLoop.cpp in Sources */ = {isa = PBXBuildFile; fileRef = 8EC4547D1C3A929F0016AD9B /* RunLoop.cpp */; };
		8EC454801C3A929F0016AD9B /* RunLoop.hpp in Headers */ = {isa = PBXBuildFile; fileRef = 8EC4547E1C3A929F0016AD9B /* RunLoop.hpp */; };
		8EC8C53F1B506B1E00EAADE9 /* Allocator.hpp in Headers */ = {isa = PBXBuildFile; fileRef = 8EC8C53D1B506B1E00EAADE9 /* Allocator.hpp */; };
		8EC8C5401B506B1E00EAADE9 /* Allocator.cpp in Sources */ = {isa = PBXBuildFile; fileRef = 8EC8C53E1B506B1E00EAADE9 /* Allocator.cpp */; };
		8ECA4F341C3AD7B1000E0F5C /* mac_input.mm in Sources */ = {isa = PBXBuildFile; fileRef = 8ECA4F331C3AD7B1000E0F5C /* mac_input.mm */; };
		8ECA4F361C3AE50E000E0F5C /* mac_controller.hpp in Headers */ = {isa = PBXBuildFile; fileRef = 8ECA4F351C3AE50E000E0F5C /* mac_controller.hpp */; };
		8ED0F5011A41DF04009AFBA8 /* mac_360driver.cpp in Sources */ = {isa = PBXBuildFile; fileRef = 8ED0F5001A41DF04009AFBA8 /* mac_360driver.cpp */; };
		8EDA06811B6683C7001898EA /* RingBuffer.hpp in Headers */ = {isa = PBXBuildFile; fileRef = 8EDA06801B6683C7001898EA /* RingBuffer.hpp */; };
		8EDA06831B67C646001898EA /* Deque.hpp in Headers */ = {isa = PBXBuildFile; fileRef = 8EDA06821B67C646001898EA /* Deque.hpp */; };
		8EDA06851B67DCCE001898EA /* Algorithm.hpp in Headers */ = {isa = PBXBuildFile; fileRef = 8EDA06841B67DCCE001898EA /* Algorithm.hpp */; };
		8EDA06881B6B8073001898EA /* HashMap.hpp in Headers */ = {isa = PBXBuildFile; fileRef = 8EDA06871B6B8073001898EA /* HashMap.hpp */; };
		8EDA068C1B6B85EB001898EA /* farmhash.cpp in Sources */ = {isa = PBXBuildFile; fileRef = 8EDA068A1B6B85EB001898EA /* farmhash.cpp */; };
		8EDA068D1B6B85EB001898EA /* farmhash.h in Headers */ = {isa = PBXBuildFile; fileRef = 8EDA068B1B6B85EB001898EA /* farmhash.h */; };
		8EDA06921B6BA9B7001898EA /* Hash.hpp in Headers */ = {isa = PBXBuildFile; fileRef = 8EDA06911B6BA9B7001898EA /* Hash.hpp */; };
		8EDD58261B4FCD5900749BC0 /* MultiArrayBuffer.hpp in Headers */ = {isa = PBXBuildFile; fileRef = 8EDD58251B4FCD5900749BC0 /* MultiArrayBuffer.hpp */; };
		8EE35E981B7A6D5100DEA403 /* RigidBody.cpp in Sources */ = {isa = PBXBuildFile; fileRef = 8E842E571B2B79B900A8557D /* RigidBody.cpp */; };
		8EF701F91A76F90B00454341 /* adler32.c in Sources */ = {isa = PBXBuildFile; fileRef = 8EF701EA1A76F90B00454341 /* adler32.c */; };
		8EF701FA1A76F90B00454341 /* crc32.c in Sources */ = {isa = PBXBuildFile; fileRef = 8EF701EB1A76F90B00454341 /* crc32.c */; };
		8EF701FB1A76F90B00454341 /* crc32.h in Headers */ = {isa = PBXBuildFile; fileRef = 8EF701EC1A76F90B00454341 /* crc32.h */; };
		8EF701FC1A76F90B00454341 /* gzguts.h in Headers */ = {isa = PBXBuildFile; fileRef = 8EF701ED1A76F90B00454341 /* gzguts.h */; };
		8EF701FD1A76F90B00454341 /* inffast.c in Sources */ = {isa = PBXBuildFile; fileRef = 8EF701EE1A76F90B00454341 /* inffast.c */; };
		8EF701FE1A76F90B00454341 /* inffast.h in Headers */ = {isa = PBXBuildFile; fileRef = 8EF701EF1A76F90B00454341 /* inffast.h */; };
		8EF701FF1A76F90B00454341 /* inffixed.h in Headers */ = {isa = PBXBuildFile; fileRef = 8EF701F01A76F90B00454341 /* inffixed.h */; };
		8EF702001A76F90B00454341 /* inflate.c in Sources */ = {isa = PBXBuildFile; fileRef = 8EF701F11A76F90B00454341 /* inflate.c */; };
		8EF702011A76F90B00454341 /* inflate.h in Headers */ = {isa = PBXBuildFile; fileRef = 8EF701F21A76F90B00454341 /* inflate.h */; };
		8EF702021A76F90B00454341 /* inftrees.c in Sources */ = {isa = PBXBuildFile; fileRef = 8EF701F31A76F90B00454341 /* inftrees.c */; };
		8EF702031A76F90B00454341 /* inftrees.h in Headers */ = {isa = PBXBuildFile; fileRef = 8EF701F41A76F90B00454341 /* inftrees.h */; };
		8EF702041A76F90B00454341 /* zconf.h in Headers */ = {isa = PBXBuildFile; fileRef = 8EF701F51A76F90B00454341 /* zconf.h */; };
		8EF702051A76F90B00454341 /* zlib.h in Headers */ = {isa = PBXBuildFile; fileRef = 8EF701F61A76F90B00454341 /* zlib.h */; };
		8EF702061A76F90B00454341 /* zutil.c in Sources */ = {isa = PBXBuildFile; fileRef = 8EF701F71A76F90B00454341 /* zutil.c */; };
		8EF702071A76F90B00454341 /* zutil.h in Headers */ = {isa = PBXBuildFile; fileRef = 8EF701F81A76F90B00454341 /* zutil.h */; };
		8EF702091A76FA6600454341 /* PNGFile.hpp in Headers */ = {isa = PBXBuildFile; fileRef = 8EF702081A76FA6600454341 /* PNGFile.hpp */; };
		8EF7020B1A77036000454341 /* PNGFile.cpp in Sources */ = {isa = PBXBuildFile; fileRef = 8EF7020A1A77036000454341 /* PNGFile.cpp */; };
		8EF71ECD19D8600A00AA373B /* RenderContext.hpp in Headers */ = {isa = PBXBuildFile; fileRef = 8EF71ECB19D8600A00AA373B /* RenderContext.hpp */; };
		8EF963031AEFDB890012ED72 /* FrameBuffer.hpp in Headers */ = {isa = PBXBuildFile; fileRef = 8EF963021AEFDB890012ED72 /* FrameBuffer.hpp */; };
		8EF963051AEFE7C80012ED72 /* PixelBuffer.hpp in Headers */ = {isa = PBXBuildFile; fileRef = 8EF963041AEFE7C80012ED72 /* PixelBuffer.hpp */; };
		8EFEA1B41B289EC700C6406C /* RK4Integrator.hpp in Headers */ = {isa = PBXBuildFile; fileRef = 8EFEA1B31B289EC700C6406C /* RK4Integrator.hpp */; };
/* End PBXBuildFile section */

/* Begin PBXFileReference section */
		8E019A5419C602BF009318C5 /* Config.hpp */ = {isa = PBXFileReference; fileEncoding = 4; lastKnownFileType = sourcecode.cpp.h; path = Config.hpp; sourceTree = "<group>"; };
		8E07941A1B77DEBD00766FFB /* Behaviour.cpp */ = {isa = PBXFileReference; fileEncoding = 4; lastKnownFileType = sourcecode.cpp.cpp; path = Behaviour.cpp; sourceTree = "<group>"; };
		8E07941B1B77DEBD00766FFB /* Behaviour.hpp */ = {isa = PBXFileReference; fileEncoding = 4; lastKnownFileType = sourcecode.cpp.h; path = Behaviour.hpp; sourceTree = "<group>"; };
		8E0EF74519A0E0BC00CF38A2 /* AudioContext.hpp */ = {isa = PBXFileReference; fileEncoding = 4; lastKnownFileType = sourcecode.cpp.h; path = AudioContext.hpp; sourceTree = "<group>"; };
		8E112D2D199E53CC0029CD38 /* libstardazed-native.a */ = {isa = PBXFileReference; explicitFileType = archive.ar; includeInIndex = 0; path = "libstardazed-native.a"; sourceTree = BUILT_PRODUCTS_DIR; };
		8E112D3D199E55100029CD38 /* Algorithm.hpp */ = {isa = PBXFileReference; fileEncoding = 4; lastKnownFileType = sourcecode.cpp.h; path = Algorithm.hpp; sourceTree = "<group>"; };
		8E112D3E199E55100029CD38 /* Angle.hpp */ = {isa = PBXFileReference; fileEncoding = 4; lastKnownFileType = sourcecode.cpp.h; path = Angle.hpp; sourceTree = "<group>"; };
		8E112D3F199E55100029CD38 /* Constants.hpp */ = {isa = PBXFileReference; fileEncoding = 4; lastKnownFileType = sourcecode.cpp.h; path = Constants.hpp; sourceTree = "<group>"; };
		8E112D40199E55100029CD38 /* Matrix.cpp */ = {isa = PBXFileReference; fileEncoding = 4; lastKnownFileType = sourcecode.cpp.cpp; path = Matrix.cpp; sourceTree = "<group>"; };
		8E112D41199E55100029CD38 /* Matrix.hpp */ = {isa = PBXFileReference; fileEncoding = 4; lastKnownFileType = sourcecode.cpp.h; path = Matrix.hpp; sourceTree = "<group>"; };
		8E112D42199E55100029CD38 /* Quaternion.hpp */ = {isa = PBXFileReference; fileEncoding = 4; lastKnownFileType = sourcecode.cpp.h; path = Quaternion.hpp; sourceTree = "<group>"; };
		8E112D43199E55100029CD38 /* Vector.hpp */ = {isa = PBXFileReference; fileEncoding = 4; lastKnownFileType = sourcecode.cpp.h; path = Vector.hpp; sourceTree = "<group>"; };
		8E112D80199E5F540029CD38 /* STLAllocAdapter.hpp */ = {isa = PBXFileReference; fileEncoding = 4; lastKnownFileType = sourcecode.cpp.h; path = STLAllocAdapter.hpp; sourceTree = "<group>"; };
		8E112D87199E5F870029CD38 /* FlagSet.hpp */ = {isa = PBXFileReference; fileEncoding = 4; lastKnownFileType = sourcecode.cpp.h; path = FlagSet.hpp; sourceTree = "<group>"; };
		8E112D90199E5FC70029CD38 /* ConceptTraits.hpp */ = {isa = PBXFileReference; fileEncoding = 4; lastKnownFileType = sourcecode.cpp.h; path = ConceptTraits.hpp; sourceTree = "<group>"; };
		8E112D91199E5FC70029CD38 /* StringFormat.cpp */ = {isa = PBXFileReference; fileEncoding = 4; lastKnownFileType = sourcecode.cpp.cpp; path = StringFormat.cpp; sourceTree = "<group>"; };
		8E112D92199E5FC70029CD38 /* StringFormat.hpp */ = {isa = PBXFileReference; fileEncoding = 4; lastKnownFileType = sourcecode.cpp.h; path = StringFormat.hpp; sourceTree = "<group>"; };
		8E112D93199E5FC70029CD38 /* TextFile.cpp */ = {isa = PBXFileReference; fileEncoding = 4; lastKnownFileType = sourcecode.cpp.cpp; path = TextFile.cpp; sourceTree = "<group>"; };
		8E112D94199E5FC70029CD38 /* TextFile.hpp */ = {isa = PBXFileReference; fileEncoding = 4; lastKnownFileType = sourcecode.cpp.h; path = TextFile.hpp; sourceTree = "<group>"; };
		8E112DA2199E5FE20029CD38 /* OpenGL.hpp */ = {isa = PBXFileReference; fileEncoding = 4; lastKnownFileType = sourcecode.cpp.h; path = OpenGL.hpp; sourceTree = "<group>"; };
		8E112DA3199E5FE20029CD38 /* Buffer.cpp */ = {isa = PBXFileReference; fileEncoding = 4; lastKnownFileType = sourcecode.cpp.cpp; path = Buffer.cpp; sourceTree = "<group>"; };
		8E112DA4199E5FE20029CD38 /* Buffer.hpp */ = {isa = PBXFileReference; fileEncoding = 4; lastKnownFileType = sourcecode.cpp.h; lineEnding = 0; path = Buffer.hpp; sourceTree = "<group>"; xcLanguageSpecificationIdentifier = xcode.lang.cpp; };
		8E112DA9199E5FE20029CD38 /* Pipeline.cpp */ = {isa = PBXFileReference; fileEncoding = 4; lastKnownFileType = sourcecode.cpp.cpp; path = Pipeline.cpp; sourceTree = "<group>"; };
		8E112DAA199E5FE20029CD38 /* Pipeline.hpp */ = {isa = PBXFileReference; fileEncoding = 4; lastKnownFileType = sourcecode.cpp.h; path = Pipeline.hpp; sourceTree = "<group>"; };
		8E112DAB199E5FE20029CD38 /* Shader.cpp */ = {isa = PBXFileReference; fileEncoding = 4; lastKnownFileType = sourcecode.cpp.cpp; path = Shader.cpp; sourceTree = "<group>"; };
		8E112DAC199E5FE20029CD38 /* Shader.hpp */ = {isa = PBXFileReference; fileEncoding = 4; lastKnownFileType = sourcecode.cpp.h; path = Shader.hpp; sourceTree = "<group>"; };
		8E112DD1199E60A50029CD38 /* Camera.cpp */ = {isa = PBXFileReference; fileEncoding = 4; lastKnownFileType = sourcecode.cpp.cpp; path = Camera.cpp; sourceTree = "<group>"; };
		8E112DD2199E60A50029CD38 /* Camera.hpp */ = {isa = PBXFileReference; fileEncoding = 4; lastKnownFileType = sourcecode.cpp.h; path = Camera.hpp; sourceTree = "<group>"; };
		8E112DD5199E60A50029CD38 /* Entity.hpp */ = {isa = PBXFileReference; fileEncoding = 4; lastKnownFileType = sourcecode.cpp.h; path = Entity.hpp; sourceTree = "<group>"; };
		8E112DD6199E60A50029CD38 /* Scene.cpp */ = {isa = PBXFileReference; fileEncoding = 4; lastKnownFileType = sourcecode.cpp.cpp; path = Scene.cpp; sourceTree = "<group>"; };
		8E112DD7199E60A50029CD38 /* Scene.hpp */ = {isa = PBXFileReference; fileEncoding = 4; lastKnownFileType = sourcecode.cpp.h; path = Scene.hpp; sourceTree = "<group>"; };
		8E112DE6199E60B70029CD38 /* Application.hpp */ = {isa = PBXFileReference; fileEncoding = 4; lastKnownFileType = sourcecode.cpp.h; lineEnding = 0; path = Application.hpp; sourceTree = "<group>"; xcLanguageSpecificationIdentifier = xcode.lang.cpp; };
		8E112DE8199E60B70029CD38 /* Logging.hpp */ = {isa = PBXFileReference; fileEncoding = 4; lastKnownFileType = sourcecode.cpp.h; path = Logging.hpp; sourceTree = "<group>"; };
		8E112DE9199E60B70029CD38 /* Time.hpp */ = {isa = PBXFileReference; fileEncoding = 4; lastKnownFileType = sourcecode.cpp.h; path = Time.hpp; sourceTree = "<group>"; };
		8E1599261AF9012C00A62CE1 /* PixelFormat.hpp */ = {isa = PBXFileReference; fileEncoding = 4; lastKnownFileType = sourcecode.cpp.h; path = PixelFormat.hpp; sourceTree = "<group>"; };
		8E1599291AF9034700A62CE1 /* PixelBuffer.cpp */ = {isa = PBXFileReference; fileEncoding = 4; lastKnownFileType = sourcecode.cpp.cpp; path = PixelBuffer.cpp; sourceTree = "<group>"; };
		8E15992B1AF9054200A62CE1 /* PixelFormat.hpp */ = {isa = PBXFileReference; fileEncoding = 4; lastKnownFileType = sourcecode.cpp.h; path = PixelFormat.hpp; sourceTree = "<group>"; };
		8E19672319ACD69F009CB5E6 /* mac_Application.hpp */ = {isa = PBXFileReference; fileEncoding = 4; lastKnownFileType = sourcecode.cpp.h; path = mac_Application.hpp; sourceTree = "<group>"; };
		8E19672419ACD69F009CB5E6 /* mac_Application.mm */ = {isa = PBXFileReference; fileEncoding = 4; lastKnownFileType = sourcecode.cpp.objcpp; path = mac_Application.mm; sourceTree = "<group>"; };
		8E19672519ACD69F009CB5E6 /* mac_Logging.mm */ = {isa = PBXFileReference; fileEncoding = 4; lastKnownFileType = sourcecode.cpp.objcpp; path = mac_Logging.mm; sourceTree = "<group>"; };
		8E1E4B001B989D1B00784D25 /* LWOLoader.cpp */ = {isa = PBXFileReference; fileEncoding = 4; lastKnownFileType = sourcecode.cpp.cpp; path = LWOLoader.cpp; sourceTree = "<group>"; };
		8E1E4B011B989D1B00784D25 /* LWOLoader.hpp */ = {isa = PBXFileReference; fileEncoding = 4; lastKnownFileType = sourcecode.cpp.h; path = LWOLoader.hpp; sourceTree = "<group>"; };
		8E221FB21B56F6F8006E5CFD /* Transform.hpp */ = {isa = PBXFileReference; fileEncoding = 4; lastKnownFileType = sourcecode.cpp.h; path = Transform.hpp; sourceTree = "<group>"; };
		8E221FB41B56FEAE006E5CFD /* Transform.cpp */ = {isa = PBXFileReference; fileEncoding = 4; lastKnownFileType = sourcecode.cpp.cpp; path = Transform.cpp; sourceTree = "<group>"; };
		8E2389C519F5A04400080E15 /* VertexBuffer.hpp */ = {isa = PBXFileReference; fileEncoding = 4; lastKnownFileType = sourcecode.cpp.h; lineEnding = 0; path = VertexBuffer.hpp; sourceTree = "<group>"; xcLanguageSpecificationIdentifier = xcode.lang.cpp; };
		8E25240C1B4D291200CC4789 /* Light.cpp */ = {isa = PBXFileReference; fileEncoding = 4; lastKnownFileType = sourcecode.cpp.cpp; path = Light.cpp; sourceTree = "<group>"; };
		8E28644F1B4694E100FD436D /* Generators.cpp */ = {isa = PBXFileReference; fileEncoding = 4; lastKnownFileType = sourcecode.cpp.cpp; path = Generators.cpp; sourceTree = "<group>"; };
		8E2864501B4694E100FD436D /* Generators.hpp */ = {isa = PBXFileReference; fileEncoding = 4; lastKnownFileType = sourcecode.cpp.h; path = Generators.hpp; sourceTree = "<group>"; };
		8E2864511B4694E100FD436D /* Manipulators.cpp */ = {isa = PBXFileReference; fileEncoding = 4; lastKnownFileType = sourcecode.cpp.cpp; path = Manipulators.cpp; sourceTree = "<group>"; };
		8E2864521B4694E100FD436D /* Manipulators.hpp */ = {isa = PBXFileReference; fileEncoding = 4; lastKnownFileType = sourcecode.cpp.h; path = Manipulators.hpp; sourceTree = "<group>"; };
		8E2864571B46963900FD436D /* StandardModel.hpp */ = {isa = PBXFileReference; fileEncoding = 4; lastKnownFileType = sourcecode.cpp.h; path = StandardModel.hpp; sourceTree = "<group>"; };
		8E2864591B469ECD00FD436D /* StandardModel.cpp */ = {isa = PBXFileReference; fileEncoding = 4; lastKnownFileType = sourcecode.cpp.cpp; path = StandardModel.cpp; sourceTree = "<group>"; };
		8E28645C1B46D4C500FD436D /* Buffer.hpp */ = {isa = PBXFileReference; fileEncoding = 4; lastKnownFileType = sourcecode.cpp.h; path = Buffer.hpp; sourceTree = "<group>"; };
		8E31873519ED460000D3B189 /* OpenGL.framework */ = {isa = PBXFileReference; lastKnownFileType = wrapper.framework; name = OpenGL.framework; path = System/Library/Frameworks/OpenGL.framework; sourceTree = SDKROOT; };
		8E43CD9F1B4C7F89009D24B5 /* Light.hpp */ = {isa = PBXFileReference; fileEncoding = 4; lastKnownFileType = sourcecode.cpp.h; path = Light.hpp; sourceTree = "<group>"; };
		8E44B4021A3EFD390059C57D /* mac_AudioContext.mm */ = {isa = PBXFileReference; fileEncoding = 4; lastKnownFileType = sourcecode.cpp.objcpp; path = mac_AudioContext.mm; sourceTree = "<group>"; };
		8E44B4041A3F41380059C57D /* AudioUnit.framework */ = {isa = PBXFileReference; lastKnownFileType = wrapper.framework; name = AudioUnit.framework; path = System/Library/Frameworks/AudioUnit.framework; sourceTree = SDKROOT; };
		8E4C74071A07D0CF006CF46D /* VertexDerivedData.hpp */ = {isa = PBXFileReference; fileEncoding = 4; lastKnownFileType = sourcecode.cpp.h; path = VertexDerivedData.hpp; sourceTree = "<group>"; };
		8E5372541B304201002C1538 /* Collider.hpp */ = {isa = PBXFileReference; fileEncoding = 4; lastKnownFileType = sourcecode.cpp.h; path = Collider.hpp; sourceTree = "<group>"; };
		8E53725A1B3185F5002C1538 /* mac_Time.cpp */ = {isa = PBXFileReference; fileEncoding = 4; lastKnownFileType = sourcecode.cpp.cpp; path = mac_Time.cpp; sourceTree = "<group>"; };
		8E53725C1B31B0AC002C1538 /* Bounds.cpp */ = {isa = PBXFileReference; fileEncoding = 4; lastKnownFileType = sourcecode.cpp.cpp; path = Bounds.cpp; sourceTree = "<group>"; };
		8E53725D1B31B0AC002C1538 /* Bounds.hpp */ = {isa = PBXFileReference; fileEncoding = 4; lastKnownFileType = sourcecode.cpp.h; path = Bounds.hpp; sourceTree = "<group>"; };
		8E5372601B31B49E002C1538 /* Collider.cpp */ = {isa = PBXFileReference; fileEncoding = 4; lastKnownFileType = sourcecode.cpp.cpp; path = Collider.cpp; sourceTree = "<group>"; };
		8E5372621B332C3A002C1538 /* PhysicMaterial.hpp */ = {isa = PBXFileReference; fileEncoding = 4; lastKnownFileType = sourcecode.cpp.h; path = PhysicMaterial.hpp; sourceTree = "<group>"; };
		8E54FE581A6F0AD3003D649A /* Texture.hpp */ = {isa = PBXFileReference; fileEncoding = 4; lastKnownFileType = sourcecode.cpp.h; lineEnding = 0; path = Texture.hpp; sourceTree = "<group>"; xcLanguageSpecificationIdentifier = xcode.lang.cpp; };
		8E54FE5A1A6F0BC7003D649A /* Texture.cpp */ = {isa = PBXFileReference; fileEncoding = 4; lastKnownFileType = sourcecode.cpp.cpp; lineEnding = 0; path = Texture.cpp; sourceTree = "<group>"; xcLanguageSpecificationIdentifier = xcode.lang.cpp; };
		8E5C53AA1B1869B100F74804 /* RenderPass.hpp */ = {isa = PBXFileReference; fileEncoding = 4; lastKnownFileType = sourcecode.cpp.h; path = RenderPass.hpp; sourceTree = "<group>"; };
		8E5C53AC1B186B6900F74804 /* RenderPass.cpp */ = {isa = PBXFileReference; fileEncoding = 4; lastKnownFileType = sourcecode.cpp.cpp; path = RenderPass.cpp; sourceTree = "<group>"; };
		8E5C926D1A2123C1007E3774 /* Mesh.hpp */ = {isa = PBXFileReference; fileEncoding = 4; lastKnownFileType = sourcecode.cpp.h; path = Mesh.hpp; sourceTree = "<group>"; };
		8E5C926F1A212567007E3774 /* Mesh.cpp */ = {isa = PBXFileReference; fileEncoding = 4; lastKnownFileType = sourcecode.cpp.cpp; path = Mesh.cpp; sourceTree = "<group>"; };
		8E6A0DBD19B3A03600DF0921 /* input.hpp */ = {isa = PBXFileReference; fileEncoding = 4; lastKnownFileType = sourcecode.cpp.h; path = input.hpp; sourceTree = "<group>"; };
		8E6A0DBF19B3A53E00DF0921 /* mac_controller.mm */ = {isa = PBXFileReference; fileEncoding = 4; lastKnownFileType = sourcecode.cpp.objcpp; path = mac_controller.mm; sourceTree = "<group>"; };
		8E6A0DC119B3A5CB00DF0921 /* mac_VKeyCodes.hpp */ = {isa = PBXFileReference; fileEncoding = 4; lastKnownFileType = sourcecode.cpp.h; path = mac_VKeyCodes.hpp; sourceTree = "<group>"; };
		8E6A0DC319B3A7D900DF0921 /* input.cpp */ = {isa = PBXFileReference; fileEncoding = 4; lastKnownFileType = sourcecode.cpp.cpp; path = input.cpp; sourceTree = "<group>"; };
		8E6E53A31A7FC0AF00844C70 /* FrameBuffer.hpp */ = {isa = PBXFileReference; fileEncoding = 4; lastKnownFileType = sourcecode.cpp.h; path = FrameBuffer.hpp; sourceTree = "<group>"; };
		8E6E53A51A7FC10700844C70 /* FrameBuffer.cpp */ = {isa = PBXFileReference; fileEncoding = 4; lastKnownFileType = sourcecode.cpp.cpp; path = FrameBuffer.cpp; sourceTree = "<group>"; };
		8E6E53B21A8113C100844C70 /* Light.hpp */ = {isa = PBXFileReference; fileEncoding = 4; lastKnownFileType = sourcecode.cpp.h; path = Light.hpp; sourceTree = "<group>"; };
		8E71E4501A40EE460060DC95 /* IOKit.framework */ = {isa = PBXFileReference; lastKnownFileType = wrapper.framework; name = IOKit.framework; path = System/Library/Frameworks/IOKit.framework; sourceTree = SDKROOT; };
		8E71E4521A40F9550060DC95 /* mac_360driver.hpp */ = {isa = PBXFileReference; fileEncoding = 4; lastKnownFileType = sourcecode.cpp.h; path = mac_360driver.hpp; sourceTree = "<group>"; };
		8E71E4541A40FB170060DC95 /* controller.hpp */ = {isa = PBXFileReference; fileEncoding = 4; lastKnownFileType = sourcecode.cpp.h; path = controller.hpp; sourceTree = "<group>"; };
		8E7749D01B25E7B5003843FA /* RigidBody.hpp */ = {isa = PBXFileReference; fileEncoding = 4; lastKnownFileType = sourcecode.cpp.h; path = RigidBody.hpp; sourceTree = "<group>"; };
		8E842E571B2B79B900A8557D /* RigidBody.cpp */ = {isa = PBXFileReference; fileEncoding = 4; lastKnownFileType = sourcecode.cpp.cpp; path = RigidBody.cpp; sourceTree = "<group>"; };
		8E86FBD91A923BE5001BCBCE /* FileSystem.hpp */ = {isa = PBXFileReference; fileEncoding = 4; lastKnownFileType = sourcecode.cpp.h; lineEnding = 0; path = FileSystem.hpp; sourceTree = "<group>"; xcLanguageSpecificationIdentifier = xcode.lang.cpp; };
		8E86FBDB1A923DD5001BCBCE /* mac_FileSystem.cpp */ = {isa = PBXFileReference; fileEncoding = 4; lastKnownFileType = sourcecode.cpp.cpp; path = mac_FileSystem.cpp; sourceTree = "<group>"; };
		8E86FBDE1A9650BD001BCBCE /* Plane.hpp */ = {isa = PBXFileReference; fileEncoding = 4; lastKnownFileType = sourcecode.cpp.h; path = Plane.hpp; sourceTree = "<group>"; };
		8E8876501B5E4C9300F35493 /* Array.hpp */ = {isa = PBXFileReference; fileEncoding = 4; lastKnownFileType = sourcecode.cpp.h; path = Array.hpp; sourceTree = "<group>"; };
		8E8876561B5FBE9F00F35493 /* Block.cpp */ = {isa = PBXFileReference; fileEncoding = 4; lastKnownFileType = sourcecode.cpp.cpp; path = Block.cpp; sourceTree = "<group>"; };
		8E88765B1B60F84800F35493 /* Arena.hpp */ = {isa = PBXFileReference; fileEncoding = 4; lastKnownFileType = sourcecode.cpp.h; path = Arena.hpp; sourceTree = "<group>"; };
		8E89E99A19AD4896001AB2AF /* mac_GLRenderContext.hpp */ = {isa = PBXFileReference; fileEncoding = 4; lastKnownFileType = sourcecode.cpp.h; path = mac_GLRenderContext.hpp; sourceTree = "<group>"; };
		8E89E99B19AD4896001AB2AF /* mac_GLRenderContext.mm */ = {isa = PBXFileReference; fileEncoding = 4; lastKnownFileType = sourcecode.cpp.objcpp; path = mac_GLRenderContext.mm; sourceTree = "<group>"; };
		8E8D22B41B1A0A6500A876E5 /* ShaderLibrary.hpp */ = {isa = PBXFileReference; fileEncoding = 4; lastKnownFileType = sourcecode.cpp.h; path = ShaderLibrary.hpp; sourceTree = "<group>"; };
		8E8D22B61B1A1E4D00A876E5 /* VertexLayout.hpp */ = {isa = PBXFileReference; fileEncoding = 4; lastKnownFileType = sourcecode.cpp.h; lineEnding = 0; path = VertexLayout.hpp; sourceTree = "<group>"; xcLanguageSpecificationIdentifier = xcode.lang.cpp; };
		8E8D22B81B1B264F00A876E5 /* VertexLayout.cpp */ = {isa = PBXFileReference; fileEncoding = 4; lastKnownFileType = sourcecode.cpp.cpp; lineEnding = 0; path = VertexLayout.cpp; sourceTree = "<group>"; };
		8E90F1241A6D51B700AD015B /* Texture.cpp */ = {isa = PBXFileReference; fileEncoding = 4; lastKnownFileType = sourcecode.cpp.cpp; lineEnding = 0; path = Texture.cpp; sourceTree = "<group>"; xcLanguageSpecificationIdentifier = xcode.lang.cpp; };
		8E90F1261A6D636500AD015B /* Texture.hpp */ = {isa = PBXFileReference; fileEncoding = 4; lastKnownFileType = sourcecode.cpp.h; lineEnding = 0; path = Texture.hpp; sourceTree = "<group>"; xcLanguageSpecificationIdentifier = xcode.lang.cpp; };
		8E9214481B15FBE7006CBE05 /* RenderPass.hpp */ = {isa = PBXFileReference; fileEncoding = 4; lastKnownFileType = sourcecode.cpp.h; path = RenderPass.hpp; sourceTree = "<group>"; };
		8EA1AB5A1B6F7BB2002F3126 /* RendererShared.hpp */ = {isa = PBXFileReference; fileEncoding = 4; lastKnownFileType = sourcecode.cpp.h; path = RendererShared.hpp; sourceTree = "<group>"; };
		8EA7092319D75FC000129E2D /* Mesh.cpp */ = {isa = PBXFileReference; fileEncoding = 4; lastKnownFileType = sourcecode.cpp.cpp; lineEnding = 0; path = Mesh.cpp; sourceTree = "<group>"; xcLanguageSpecificationIdentifier = xcode.lang.cpp; };
		8EA7092419D75FC000129E2D /* Mesh.hpp */ = {isa = PBXFileReference; fileEncoding = 4; lastKnownFileType = sourcecode.cpp.h; lineEnding = 0; path = Mesh.hpp; sourceTree = "<group>"; xcLanguageSpecificationIdentifier = xcode.lang.cpp; };
		8EA7092519D75FC000129E2D /* Pipeline.hpp */ = {isa = PBXFileReference; fileEncoding = 4; lastKnownFileType = sourcecode.cpp.h; lineEnding = 0; path = Pipeline.hpp; sourceTree = "<group>"; xcLanguageSpecificationIdentifier = xcode.lang.cpp; };
		8EA7092719D75FC000129E2D /* RenderContext.hpp */ = {isa = PBXFileReference; fileEncoding = 4; lastKnownFileType = sourcecode.cpp.h; path = RenderContext.hpp; sourceTree = "<group>"; };
		8EA7092819D75FC000129E2D /* Shader.hpp */ = {isa = PBXFileReference; fileEncoding = 4; lastKnownFileType = sourcecode.cpp.h; path = Shader.hpp; sourceTree = "<group>"; };
		8EACE1901B590AD70043814F /* Block.hpp */ = {isa = PBXFileReference; fileEncoding = 4; lastKnownFileType = sourcecode.cpp.h; path = Block.hpp; sourceTree = "<group>"; };
		8EB49E8219FFEF7D003F687C /* VertexBuffer.cpp */ = {isa = PBXFileReference; fileEncoding = 4; lastKnownFileType = sourcecode.cpp.cpp; lineEnding = 0; path = VertexBuffer.cpp; sourceTree = "<group>"; xcLanguageSpecificationIdentifier = xcode.lang.cpp; };
		8EC145F81A869D12004D533A /* OpenGL.cpp */ = {isa = PBXFileReference; fileEncoding = 4; lastKnownFileType = sourcecode.cpp.cpp; path = OpenGL.cpp; sourceTree = "<group>"; };
		8EC31E9D1B1E08D800AF9582 /* IndexBuffer.hpp */ = {isa = PBXFileReference; fileEncoding = 4; lastKnownFileType = sourcecode.cpp.h; path = IndexBuffer.hpp; sourceTree = "<group>"; };
		8EC31E9F1B1E0ABF00AF9582 /* IndexBuffer.cpp */ = {isa = PBXFileReference; fileEncoding = 4; lastKnownFileType = sourcecode.cpp.cpp; path = IndexBuffer.cpp; sourceTree = "<group>"; };
		8EC31EA11B1F2C5A00AF9582 /* STLBufferIterator.hpp */ = {isa = PBXFileReference; fileEncoding = 4; lastKnownFileType = sourcecode.cpp.h; path = STLBufferIterator.hpp; sourceTree = "<group>"; };
		8EC31EA31B209AC700AF9582 /* VertexDerivedData.cpp */ = {isa = PBXFileReference; fileEncoding = 4; lastKnownFileType = sourcecode.cpp.cpp; path = VertexDerivedData.cpp; sourceTree = "<group>"; };
		8EC342AC1ACC90A50020F3EC /* jpgd.cpp */ = {isa = PBXFileReference; fileEncoding = 4; lastKnownFileType = sourcecode.cpp.cpp; path = jpgd.cpp; sourceTree = "<group>"; };
		8EC342AD1ACC90A50020F3EC /* jpgd.h */ = {isa = PBXFileReference; fileEncoding = 4; lastKnownFileType = sourcecode.c.h; path = jpgd.h; sourceTree = "<group>"; };
		8EC4547D1C3A929F0016AD9B /* RunLoop.cpp */ = {isa = PBXFileReference; fileEncoding = 4; lastKnownFileType = sourcecode.cpp.cpp; path = RunLoop.cpp; sourceTree = "<group>"; };
		8EC4547E1C3A929F0016AD9B /* RunLoop.hpp */ = {isa = PBXFileReference; fileEncoding = 4; lastKnownFileType = sourcecode.cpp.h; path = RunLoop.hpp; sourceTree = "<group>"; };
		8EC8C53D1B506B1E00EAADE9 /* Allocator.hpp */ = {isa = PBXFileReference; fileEncoding = 4; lastKnownFileType = sourcecode.cpp.h; path = Allocator.hpp; sourceTree = "<group>"; };
		8EC8C53E1B506B1E00EAADE9 /* Allocator.cpp */ = {isa = PBXFileReference; fileEncoding = 4; lastKnownFileType = sourcecode.cpp.cpp; path = Allocator.cpp; sourceTree = "<group>"; };
		8ECA4F331C3AD7B1000E0F5C /* mac_input.mm */ = {isa = PBXFileReference; fileEncoding = 4; lastKnownFileType = sourcecode.cpp.objcpp; path = mac_input.mm; sourceTree = "<group>"; };
		8ECA4F351C3AE50E000E0F5C /* mac_controller.hpp */ = {isa = PBXFileReference; fileEncoding = 4; lastKnownFileType = sourcecode.cpp.h; path = mac_controller.hpp; sourceTree = "<group>"; };
		8ED0F5001A41DF04009AFBA8 /* mac_360driver.cpp */ = {isa = PBXFileReference; fileEncoding = 4; lastKnownFileType = sourcecode.cpp.cpp; path = mac_360driver.cpp; sourceTree = "<group>"; };
		8EDA06801B6683C7001898EA /* RingBuffer.hpp */ = {isa = PBXFileReference; fileEncoding = 4; lastKnownFileType = sourcecode.cpp.h; path = RingBuffer.hpp; sourceTree = "<group>"; };
		8EDA06821B67C646001898EA /* Deque.hpp */ = {isa = PBXFileReference; fileEncoding = 4; lastKnownFileType = sourcecode.cpp.h; path = Deque.hpp; sourceTree = "<group>"; };
		8EDA06841B67DCCE001898EA /* Algorithm.hpp */ = {isa = PBXFileReference; fileEncoding = 4; lastKnownFileType = sourcecode.cpp.h; path = Algorithm.hpp; sourceTree = "<group>"; };
		8EDA06871B6B8073001898EA /* HashMap.hpp */ = {isa = PBXFileReference; fileEncoding = 4; lastKnownFileType = sourcecode.cpp.h; path = HashMap.hpp; sourceTree = "<group>"; };
		8EDA068A1B6B85EB001898EA /* farmhash.cpp */ = {isa = PBXFileReference; fileEncoding = 4; lastKnownFileType = sourcecode.cpp.cpp; path = farmhash.cpp; sourceTree = "<group>"; };
		8EDA068B1B6B85EB001898EA /* farmhash.h */ = {isa = PBXFileReference; fileEncoding = 4; lastKnownFileType = sourcecode.c.h; path = farmhash.h; sourceTree = "<group>"; };
		8EDA06911B6BA9B7001898EA /* Hash.hpp */ = {isa = PBXFileReference; fileEncoding = 4; lastKnownFileType = sourcecode.cpp.h; path = Hash.hpp; sourceTree = "<group>"; };
		8EDD58251B4FCD5900749BC0 /* MultiArrayBuffer.hpp */ = {isa = PBXFileReference; fileEncoding = 4; lastKnownFileType = sourcecode.cpp.h; path = MultiArrayBuffer.hpp; sourceTree = "<group>"; };
		8EF701EA1A76F90B00454341 /* adler32.c */ = {isa = PBXFileReference; fileEncoding = 4; lastKnownFileType = sourcecode.c.c; path = adler32.c; sourceTree = "<group>"; };
		8EF701EB1A76F90B00454341 /* crc32.c */ = {isa = PBXFileReference; fileEncoding = 4; lastKnownFileType = sourcecode.c.c; path = crc32.c; sourceTree = "<group>"; };
		8EF701EC1A76F90B00454341 /* crc32.h */ = {isa = PBXFileReference; fileEncoding = 4; lastKnownFileType = sourcecode.c.h; path = crc32.h; sourceTree = "<group>"; };
		8EF701ED1A76F90B00454341 /* gzguts.h */ = {isa = PBXFileReference; fileEncoding = 4; lastKnownFileType = sourcecode.c.h; path = gzguts.h; sourceTree = "<group>"; };
		8EF701EE1A76F90B00454341 /* inffast.c */ = {isa = PBXFileReference; fileEncoding = 4; lastKnownFileType = sourcecode.c.c; path = inffast.c; sourceTree = "<group>"; };
		8EF701EF1A76F90B00454341 /* inffast.h */ = {isa = PBXFileReference; fileEncoding = 4; lastKnownFileType = sourcecode.c.h; path = inffast.h; sourceTree = "<group>"; };
		8EF701F01A76F90B00454341 /* inffixed.h */ = {isa = PBXFileReference; fileEncoding = 4; lastKnownFileType = sourcecode.c.h; path = inffixed.h; sourceTree = "<group>"; };
		8EF701F11A76F90B00454341 /* inflate.c */ = {isa = PBXFileReference; fileEncoding = 4; lastKnownFileType = sourcecode.c.c; path = inflate.c; sourceTree = "<group>"; };
		8EF701F21A76F90B00454341 /* inflate.h */ = {isa = PBXFileReference; fileEncoding = 4; lastKnownFileType = sourcecode.c.h; path = inflate.h; sourceTree = "<group>"; };
		8EF701F31A76F90B00454341 /* inftrees.c */ = {isa = PBXFileReference; fileEncoding = 4; lastKnownFileType = sourcecode.c.c; path = inftrees.c; sourceTree = "<group>"; };
		8EF701F41A76F90B00454341 /* inftrees.h */ = {isa = PBXFileReference; fileEncoding = 4; lastKnownFileType = sourcecode.c.h; path = inftrees.h; sourceTree = "<group>"; };
		8EF701F51A76F90B00454341 /* zconf.h */ = {isa = PBXFileReference; fileEncoding = 4; lastKnownFileType = sourcecode.c.h; path = zconf.h; sourceTree = "<group>"; };
		8EF701F61A76F90B00454341 /* zlib.h */ = {isa = PBXFileReference; fileEncoding = 4; lastKnownFileType = sourcecode.c.h; path = zlib.h; sourceTree = "<group>"; };
		8EF701F71A76F90B00454341 /* zutil.c */ = {isa = PBXFileReference; fileEncoding = 4; lastKnownFileType = sourcecode.c.c; path = zutil.c; sourceTree = "<group>"; };
		8EF701F81A76F90B00454341 /* zutil.h */ = {isa = PBXFileReference; fileEncoding = 4; lastKnownFileType = sourcecode.c.h; path = zutil.h; sourceTree = "<group>"; };
		8EF702081A76FA6600454341 /* PNGFile.hpp */ = {isa = PBXFileReference; fileEncoding = 4; lastKnownFileType = sourcecode.cpp.h; path = PNGFile.hpp; sourceTree = "<group>"; };
		8EF7020A1A77036000454341 /* PNGFile.cpp */ = {isa = PBXFileReference; fileEncoding = 4; lastKnownFileType = sourcecode.cpp.cpp; lineEnding = 0; path = PNGFile.cpp; sourceTree = "<group>"; xcLanguageSpecificationIdentifier = xcode.lang.cpp; };
		8EF71ECB19D8600A00AA373B /* RenderContext.hpp */ = {isa = PBXFileReference; fileEncoding = 4; lastKnownFileType = sourcecode.cpp.h; path = RenderContext.hpp; sourceTree = "<group>"; };
		8EF963021AEFDB890012ED72 /* FrameBuffer.hpp */ = {isa = PBXFileReference; fileEncoding = 4; lastKnownFileType = sourcecode.cpp.h; path = FrameBuffer.hpp; sourceTree = "<group>"; };
		8EF963041AEFE7C80012ED72 /* PixelBuffer.hpp */ = {isa = PBXFileReference; fileEncoding = 4; lastKnownFileType = sourcecode.cpp.h; path = PixelBuffer.hpp; sourceTree = "<group>"; };
		8EFEA1B31B289EC700C6406C /* RK4Integrator.hpp */ = {isa = PBXFileReference; fileEncoding = 4; lastKnownFileType = sourcecode.cpp.h; path = RK4Integrator.hpp; sourceTree = "<group>"; };
/* End PBXFileReference section */

/* Begin PBXFrameworksBuildPhase section */
		8E112D2A199E53CC0029CD38 /* Frameworks */ = {
			isa = PBXFrameworksBuildPhase;
			buildActionMask = 2147483647;
			files = (
				8E71E4511A40EE460060DC95 /* IOKit.framework in Frameworks */,
				8E44B4051A3F41380059C57D /* AudioUnit.framework in Frameworks */,
				8E31873619ED460000D3B189 /* OpenGL.framework in Frameworks */,
			);
			runOnlyForDeploymentPostprocessing = 0;
		};
/* End PBXFrameworksBuildPhase section */

/* Begin PBXGroup section */
		8E0EF74419A0E06F00CF38A2 /* audio */ = {
			isa = PBXGroup;
			children = (
				8E44B4021A3EFD390059C57D /* mac_AudioContext.mm */,
				8E0EF74519A0E0BC00CF38A2 /* AudioContext.hpp */,
			);
			path = audio;
			sourceTree = "<group>";
		};
		8E0EF74F19A13B6C00CF38A2 /* runtime */ = {
			isa = PBXGroup;
			children = (
				8EC4547E1C3A929F0016AD9B /* RunLoop.hpp */,
				8EC4547D1C3A929F0016AD9B /* RunLoop.cpp */,
			);
			path = runtime;
			sourceTree = "<group>";
		};
		8E112D24199E53CC0029CD38 = {
			isa = PBXGroup;
			children = (
				8EF701E81A76F25900454341 /* ext */,
				8E112D3A199E54AF0029CD38 /* src */,
				8E44B4091A3F41700059C57D /* Frameworks */,
				8E112D2E199E53CC0029CD38 /* Products */,
			);
			sourceTree = "<group>";
		};
		8E112D2E199E53CC0029CD38 /* Products */ = {
			isa = PBXGroup;
			children = (
				8E112D2D199E53CC0029CD38 /* libstardazed-native.a */,
			);
			name = Products;
			sourceTree = "<group>";
		};
		8E112D3A199E54AF0029CD38 /* src */ = {
			isa = PBXGroup;
			children = (
				8E112D7D199E5F540029CD38 /* memory */,
				8E112D86199E5F870029CD38 /* container */,
				8E112D8F199E5FC70029CD38 /* util */,
				8E112D3B199E54FE0029CD38 /* math */,
				8E86FBD81A923B21001BCBCE /* filesystem */,
				8E6A0DB819B3847700DF0921 /* io */,
				8E112D9A199E5FE20029CD38 /* render */,
				8E112DC6199E60150029CD38 /* model */,
				8E0EF74419A0E06F00CF38A2 /* audio */,
				8E7749CD1B248F95003843FA /* physics */,
				8E112DCE199E60A50029CD38 /* scene */,
				8E0EF74F19A13B6C00CF38A2 /* runtime */,
				8E112DE5199E60B70029CD38 /* system */,
			);
			name = src;
			path = ../src;
			sourceTree = "<group>";
		};
		8E112D3B199E54FE0029CD38 /* math */ = {
			isa = PBXGroup;
			children = (
				8E112D3F199E55100029CD38 /* Constants.hpp */,
				8E112D3D199E55100029CD38 /* Algorithm.hpp */,
				8E112D3E199E55100029CD38 /* Angle.hpp */,
				8E112D43199E55100029CD38 /* Vector.hpp */,
				8E112D41199E55100029CD38 /* Matrix.hpp */,
				8E112D40199E55100029CD38 /* Matrix.cpp */,
				8E112D42199E55100029CD38 /* Quaternion.hpp */,
				8E86FBDE1A9650BD001BCBCE /* Plane.hpp */,
				8E53725D1B31B0AC002C1538 /* Bounds.hpp */,
				8E53725C1B31B0AC002C1538 /* Bounds.cpp */,
			);
			path = math;
			sourceTree = "<group>";
		};
		8E112D7D199E5F540029CD38 /* memory */ = {
			isa = PBXGroup;
			children = (
				8EC8C53D1B506B1E00EAADE9 /* Allocator.hpp */,
				8EC8C53E1B506B1E00EAADE9 /* Allocator.cpp */,
				8EACE1901B590AD70043814F /* Block.hpp */,
				8E8876561B5FBE9F00F35493 /* Block.cpp */,
				8E88765B1B60F84800F35493 /* Arena.hpp */,
				8E112D80199E5F540029CD38 /* STLAllocAdapter.hpp */,
			);
			path = memory;
			sourceTree = "<group>";
		};
		8E112D86199E5F870029CD38 /* container */ = {
			isa = PBXGroup;
			children = (
				8EDA06841B67DCCE001898EA /* Algorithm.hpp */,
				8EDD58251B4FCD5900749BC0 /* MultiArrayBuffer.hpp */,
				8E112D87199E5F870029CD38 /* FlagSet.hpp */,
				8E8876501B5E4C9300F35493 /* Array.hpp */,
				8EDA06821B67C646001898EA /* Deque.hpp */,
				8EDA06801B6683C7001898EA /* RingBuffer.hpp */,
				8EDA06871B6B8073001898EA /* HashMap.hpp */,
				8EC31EA11B1F2C5A00AF9582 /* STLBufferIterator.hpp */,
			);
			path = container;
			sourceTree = "<group>";
		};
		8E112D8F199E5FC70029CD38 /* util */ = {
			isa = PBXGroup;
			children = (
				8E112D90199E5FC70029CD38 /* ConceptTraits.hpp */,
				8E112D91199E5FC70029CD38 /* StringFormat.cpp */,
				8E112D92199E5FC70029CD38 /* StringFormat.hpp */,
				8E112D93199E5FC70029CD38 /* TextFile.cpp */,
				8E112D94199E5FC70029CD38 /* TextFile.hpp */,
				8EDA06911B6BA9B7001898EA /* Hash.hpp */,
			);
			path = util;
			sourceTree = "<group>";
		};
		8E112D9A199E5FE20029CD38 /* render */ = {
			isa = PBXGroup;
			children = (
				8EA7092019D75FA800129E2D /* common */,
				8E112DA1199E5FE20029CD38 /* opengl */,
				8EF71ECB19D8600A00AA373B /* RenderContext.hpp */,
			);
			path = render;
			sourceTree = "<group>";
		};
		8E112DA1199E5FE20029CD38 /* opengl */ = {
			isa = PBXGroup;
			children = (
				8E112DA2199E5FE20029CD38 /* OpenGL.hpp */,
				8EC145F81A869D12004D533A /* OpenGL.cpp */,
				8E112DA4199E5FE20029CD38 /* Buffer.hpp */,
				8E112DA3199E5FE20029CD38 /* Buffer.cpp */,
				8E5C926D1A2123C1007E3774 /* Mesh.hpp */,
				8E5C926F1A212567007E3774 /* Mesh.cpp */,
				8E15992B1AF9054200A62CE1 /* PixelFormat.hpp */,
				8E90F1261A6D636500AD015B /* Texture.hpp */,
				8E90F1241A6D51B700AD015B /* Texture.cpp */,
				8E6E53A31A7FC0AF00844C70 /* FrameBuffer.hpp */,
				8E6E53A51A7FC10700844C70 /* FrameBuffer.cpp */,
				8E43CD9F1B4C7F89009D24B5 /* Light.hpp */,
				8E25240C1B4D291200CC4789 /* Light.cpp */,
				8E8D22B41B1A0A6500A876E5 /* ShaderLibrary.hpp */,
				8E112DAC199E5FE20029CD38 /* Shader.hpp */,
				8E112DAB199E5FE20029CD38 /* Shader.cpp */,
				8E112DAA199E5FE20029CD38 /* Pipeline.hpp */,
				8E112DA9199E5FE20029CD38 /* Pipeline.cpp */,
				8E5C53AA1B1869B100F74804 /* RenderPass.hpp */,
				8E5C53AC1B186B6900F74804 /* RenderPass.cpp */,
				8E89E99A19AD4896001AB2AF /* mac_GLRenderContext.hpp */,
				8E89E99B19AD4896001AB2AF /* mac_GLRenderContext.mm */,
			);
			path = opengl;
			sourceTree = "<group>";
		};
		8E112DC6199E60150029CD38 /* model */ = {
			isa = PBXGroup;
			children = (
				8E1E4B001B989D1B00784D25 /* LWOLoader.cpp */,
				8E1E4B011B989D1B00784D25 /* LWOLoader.hpp */,
				8E2864571B46963900FD436D /* StandardModel.hpp */,
				8E2864591B469ECD00FD436D /* StandardModel.cpp */,
				8E2864501B4694E100FD436D /* Generators.hpp */,
				8E28644F1B4694E100FD436D /* Generators.cpp */,
				8E2864521B4694E100FD436D /* Manipulators.hpp */,
				8E2864511B4694E100FD436D /* Manipulators.cpp */,
			);
			path = model;
			sourceTree = "<group>";
		};
		8E112DCE199E60A50029CD38 /* scene */ = {
			isa = PBXGroup;
			children = (
				8E112DD5199E60A50029CD38 /* Entity.hpp */,
				8E221FB21B56F6F8006E5CFD /* Transform.hpp */,
				8E221FB41B56FEAE006E5CFD /* Transform.cpp */,
				8E112DD2199E60A50029CD38 /* Camera.hpp */,
				8E112DD1199E60A50029CD38 /* Camera.cpp */,
				8EA1AB5A1B6F7BB2002F3126 /* RendererShared.hpp */,
				8E07941B1B77DEBD00766FFB /* Behaviour.hpp */,
				8E07941A1B77DEBD00766FFB /* Behaviour.cpp */,
				8E112DD7199E60A50029CD38 /* Scene.hpp */,
				8E112DD6199E60A50029CD38 /* Scene.cpp */,
			);
			path = scene;
			sourceTree = "<group>";
		};
		8E112DE5199E60B70029CD38 /* system */ = {
			isa = PBXGroup;
			children = (
				8E019A5419C602BF009318C5 /* Config.hpp */,
				8E112DE9199E60B70029CD38 /* Time.hpp */,
				8E53725A1B3185F5002C1538 /* mac_Time.cpp */,
				8E112DE8199E60B70029CD38 /* Logging.hpp */,
				8E112DE6199E60B70029CD38 /* Application.hpp */,
				8E19672319ACD69F009CB5E6 /* mac_Application.hpp */,
				8E19672419ACD69F009CB5E6 /* mac_Application.mm */,
				8E19672519ACD69F009CB5E6 /* mac_Logging.mm */,
			);
			path = system;
			sourceTree = "<group>";
		};
		8E44B4091A3F41700059C57D /* Frameworks */ = {
			isa = PBXGroup;
			children = (
				8E71E4501A40EE460060DC95 /* IOKit.framework */,
				8E31873519ED460000D3B189 /* OpenGL.framework */,
				8E44B4041A3F41380059C57D /* AudioUnit.framework */,
			);
			name = Frameworks;
			sourceTree = "<group>";
		};
		8E6A0DB819B3847700DF0921 /* io */ = {
			isa = PBXGroup;
			children = (
				8E6A0DBD19B3A03600DF0921 /* input.hpp */,
				8E6A0DC319B3A7D900DF0921 /* input.cpp */,
				8E71E4541A40FB170060DC95 /* controller.hpp */,
				8E6A0DC119B3A5CB00DF0921 /* mac_VKeyCodes.hpp */,
				8ECA4F331C3AD7B1000E0F5C /* mac_input.mm */,
				8E71E4521A40F9550060DC95 /* mac_360driver.hpp */,
				8ED0F5001A41DF04009AFBA8 /* mac_360driver.cpp */,
				8ECA4F351C3AE50E000E0F5C /* mac_controller.hpp */,
				8E6A0DBF19B3A53E00DF0921 /* mac_controller.mm */,
			);
			path = io;
			sourceTree = "<group>";
		};
		8E7749CD1B248F95003843FA /* physics */ = {
			isa = PBXGroup;
			children = (
				8E5372621B332C3A002C1538 /* PhysicMaterial.hpp */,
				8EFEA1B31B289EC700C6406C /* RK4Integrator.hpp */,
				8E7749D01B25E7B5003843FA /* RigidBody.hpp */,
				8E842E571B2B79B900A8557D /* RigidBody.cpp */,
				8E5372541B304201002C1538 /* Collider.hpp */,
				8E5372601B31B49E002C1538 /* Collider.cpp */,
			);
			path = physics;
			sourceTree = "<group>";
		};
		8E86FBD81A923B21001BCBCE /* filesystem */ = {
			isa = PBXGroup;
			children = (
				8E86FBD91A923BE5001BCBCE /* FileSystem.hpp */,
				8E86FBDB1A923DD5001BCBCE /* mac_FileSystem.cpp */,
			);
			path = filesystem;
			sourceTree = "<group>";
		};
		8EA7092019D75FA800129E2D /* common */ = {
			isa = PBXGroup;
			children = (
				8E8D22B61B1A1E4D00A876E5 /* VertexLayout.hpp */,
				8E8D22B81B1B264F00A876E5 /* VertexLayout.cpp */,
				8E2389C519F5A04400080E15 /* VertexBuffer.hpp */,
				8EB49E8219FFEF7D003F687C /* VertexBuffer.cpp */,
				8EC31E9D1B1E08D800AF9582 /* IndexBuffer.hpp */,
				8EC31E9F1B1E0ABF00AF9582 /* IndexBuffer.cpp */,
				8E4C74071A07D0CF006CF46D /* VertexDerivedData.hpp */,
				8EC31EA31B209AC700AF9582 /* VertexDerivedData.cpp */,
				8EA7092419D75FC000129E2D /* Mesh.hpp */,
				8EA7092319D75FC000129E2D /* Mesh.cpp */,
				8EF702081A76FA6600454341 /* PNGFile.hpp */,
				8EF7020A1A77036000454341 /* PNGFile.cpp */,
				8E1599261AF9012C00A62CE1 /* PixelFormat.hpp */,
				8EF963041AEFE7C80012ED72 /* PixelBuffer.hpp */,
				8E1599291AF9034700A62CE1 /* PixelBuffer.cpp */,
				8E54FE581A6F0AD3003D649A /* Texture.hpp */,
				8E54FE5A1A6F0BC7003D649A /* Texture.cpp */,
				8E28645C1B46D4C500FD436D /* Buffer.hpp */,
				8EF963021AEFDB890012ED72 /* FrameBuffer.hpp */,
				8E6E53B21A8113C100844C70 /* Light.hpp */,
				8EA7092819D75FC000129E2D /* Shader.hpp */,
				8EA7092519D75FC000129E2D /* Pipeline.hpp */,
				8E9214481B15FBE7006CBE05 /* RenderPass.hpp */,
				8EA7092719D75FC000129E2D /* RenderContext.hpp */,
			);
			path = common;
			sourceTree = "<group>";
		};
		8EC342AB1ACC905D0020F3EC /* jpgd */ = {
			isa = PBXGroup;
			children = (
				8EC342AC1ACC90A50020F3EC /* jpgd.cpp */,
				8EC342AD1ACC90A50020F3EC /* jpgd.h */,
			);
			path = jpgd;
			sourceTree = "<group>";
		};
		8EDA06891B6B8593001898EA /* farmhash */ = {
			isa = PBXGroup;
			children = (
				8EDA068B1B6B85EB001898EA /* farmhash.h */,
				8EDA068A1B6B85EB001898EA /* farmhash.cpp */,
			);
			path = farmhash;
			sourceTree = "<group>";
		};
		8EF701E81A76F25900454341 /* ext */ = {
			isa = PBXGroup;
			children = (
				8EDA06891B6B8593001898EA /* farmhash */,
				8EC342AB1ACC905D0020F3EC /* jpgd */,
				8EF701E91A76F8F200454341 /* zlibredux */,
			);
			name = ext;
			path = ../ext;
			sourceTree = "<group>";
		};
		8EF701E91A76F8F200454341 /* zlibredux */ = {
			isa = PBXGroup;
			children = (
				8EF701EA1A76F90B00454341 /* adler32.c */,
				8EF701EB1A76F90B00454341 /* crc32.c */,
				8EF701EC1A76F90B00454341 /* crc32.h */,
				8EF701ED1A76F90B00454341 /* gzguts.h */,
				8EF701EE1A76F90B00454341 /* inffast.c */,
				8EF701EF1A76F90B00454341 /* inffast.h */,
				8EF701F01A76F90B00454341 /* inffixed.h */,
				8EF701F11A76F90B00454341 /* inflate.c */,
				8EF701F21A76F90B00454341 /* inflate.h */,
				8EF701F31A76F90B00454341 /* inftrees.c */,
				8EF701F41A76F90B00454341 /* inftrees.h */,
				8EF701F51A76F90B00454341 /* zconf.h */,
				8EF701F61A76F90B00454341 /* zlib.h */,
				8EF701F71A76F90B00454341 /* zutil.c */,
				8EF701F81A76F90B00454341 /* zutil.h */,
			);
			path = zlibredux;
			sourceTree = "<group>";
		};
/* End PBXGroup section */

/* Begin PBXHeadersBuildPhase section */
		8E112D2B199E53CC0029CD38 /* Headers */ = {
			isa = PBXHeadersBuildPhase;
			buildActionMask = 2147483647;
			files = (
				8EACE1911B590AD70043814F /* Block.hpp in Headers */,
				8EF702051A76F90B00454341 /* zlib.h in Headers */,
				8E6A0DBE19B3A03600DF0921 /* input.hpp in Headers */,
				8E221FB31B56F6F8006E5CFD /* Transform.hpp in Headers */,
				8EF963031AEFDB890012ED72 /* FrameBuffer.hpp in Headers */,
				8E112D4A199E55100029CD38 /* Quaternion.hpp in Headers */,
				8E7749D11B25E7B5003843FA /* RigidBody.hpp in Headers */,
				8EC454801C3A929F0016AD9B /* RunLoop.hpp in Headers */,
				8E6A0DC219B3A5CB00DF0921 /* mac_VKeyCodes.hpp in Headers */,
				8EFEA1B41B289EC700C6406C /* RK4Integrator.hpp in Headers */,
				8E112D47199E55100029CD38 /* Constants.hpp in Headers */,
				8EA7092E19D75FC000129E2D /* Pipeline.hpp in Headers */,
				8E112DDD199E60A50029CD38 /* Camera.hpp in Headers */,
				8E5372631B332C3A002C1538 /* PhysicMaterial.hpp in Headers */,
				8EDA068D1B6B85EB001898EA /* farmhash.h in Headers */,
				8EC342AF1ACC90A50020F3EC /* jpgd.h in Headers */,
				8E90F1271A6D636500AD015B /* Texture.hpp in Headers */,
				8E112DEA199E60B70029CD38 /* Application.hpp in Headers */,
				8EA7093119D75FC000129E2D /* Shader.hpp in Headers */,
				8E2864561B4694E100FD436D /* Manipulators.hpp in Headers */,
				8E112DB9199E5FE20029CD38 /* Buffer.hpp in Headers */,
				8E19672619ACD69F009CB5E6 /* mac_Application.hpp in Headers */,
				8E71E4551A40FB170060DC95 /* controller.hpp in Headers */,
				8E28645D1B46D4C500FD436D /* Buffer.hpp in Headers */,
				8E112D46199E55100029CD38 /* Angle.hpp in Headers */,
				8E07941D1B77DEBD00766FFB /* Behaviour.hpp in Headers */,
				8E112DBF199E5FE20029CD38 /* Pipeline.hpp in Headers */,
				8E112DE0199E60A50029CD38 /* Entity.hpp in Headers */,
				8E112D97199E5FC70029CD38 /* StringFormat.hpp in Headers */,
				8E112D45199E55100029CD38 /* Algorithm.hpp in Headers */,
				8E9214491B15FBE7006CBE05 /* RenderPass.hpp in Headers */,
				8ECA4F361C3AE50E000E0F5C /* mac_controller.hpp in Headers */,
				8E53725F1B31B0AC002C1538 /* Bounds.hpp in Headers */,
				8EA7093019D75FC000129E2D /* RenderContext.hpp in Headers */,
				8E71E4531A40F9550060DC95 /* mac_360driver.hpp in Headers */,
				8E15992C1AF9054200A62CE1 /* PixelFormat.hpp in Headers */,
				8E112DEC199E60B70029CD38 /* Logging.hpp in Headers */,
				8EC8C53F1B506B1E00EAADE9 /* Allocator.hpp in Headers */,
				8EF701FC1A76F90B00454341 /* gzguts.h in Headers */,
				8EDA06881B6B8073001898EA /* HashMap.hpp in Headers */,
				8EF702011A76F90B00454341 /* inflate.h in Headers */,
				8E54FE591A6F0AD3003D649A /* Texture.hpp in Headers */,
				8EF702091A76FA6600454341 /* PNGFile.hpp in Headers */,
				8E2389C619F5A04400080E15 /* VertexBuffer.hpp in Headers */,
				8EF701FF1A76F90B00454341 /* inffixed.h in Headers */,
				8E112DE2199E60A50029CD38 /* Scene.hpp in Headers */,
				8E0EF74619A0E0BC00CF38A2 /* AudioContext.hpp in Headers */,
				8EDA06921B6BA9B7001898EA /* Hash.hpp in Headers */,
				8E86FBDF1A9650BD001BCBCE /* Plane.hpp in Headers */,
				8E5C53AB1B1869B100F74804 /* RenderPass.hpp in Headers */,
				8E4C74081A07D0CF006CF46D /* VertexDerivedData.hpp in Headers */,
				8E5C926E1A2123C1007E3774 /* Mesh.hpp in Headers */,
				8E112DED199E60B70029CD38 /* Time.hpp in Headers */,
				8E5372551B304201002C1538 /* Collider.hpp in Headers */,
				8E112D8B199E5F870029CD38 /* FlagSet.hpp in Headers */,
				8E019A5519C602BF009318C5 /* Config.hpp in Headers */,
				8EF702031A76F90B00454341 /* inftrees.h in Headers */,
				8E88765C1B60F84800F35493 /* Arena.hpp in Headers */,
				8EC31EA21B1F2C5A00AF9582 /* STLBufferIterator.hpp in Headers */,
				8E2864541B4694E100FD436D /* Generators.hpp in Headers */,
				8EC31E9E1B1E08D800AF9582 /* IndexBuffer.hpp in Headers */,
				8E6E53B31A8113C100844C70 /* Light.hpp in Headers */,
				8E1599271AF9012C00A62CE1 /* PixelFormat.hpp in Headers */,
				8E112D95199E5FC70029CD38 /* ConceptTraits.hpp in Headers */,
				8E8876511B5E4C9300F35493 /* Array.hpp in Headers */,
				8E112DB7199E5FE20029CD38 /* OpenGL.hpp in Headers */,
				8EA7092D19D75FC000129E2D /* Mesh.hpp in Headers */,
				8E6E53A41A7FC0AF00844C70 /* FrameBuffer.hpp in Headers */,
				8EF963051AEFE7C80012ED72 /* PixelBuffer.hpp in Headers */,
				8EDA06831B67C646001898EA /* Deque.hpp in Headers */,
				8E112D4B199E55100029CD38 /* Vector.hpp in Headers */,
				8EF701FE1A76F90B00454341 /* inffast.h in Headers */,
				8E1E4B031B989D1B00784D25 /* LWOLoader.hpp in Headers */,
				8EDA06811B6683C7001898EA /* RingBuffer.hpp in Headers */,
				8E89E99C19AD4896001AB2AF /* mac_GLRenderContext.hpp in Headers */,
				8E2864581B46963900FD436D /* StandardModel.hpp in Headers */,
				8E8D22B51B1A0A6500A876E5 /* ShaderLibrary.hpp in Headers */,
				8E112DC1199E5FE20029CD38 /* Shader.hpp in Headers */,
				8E112D84199E5F540029CD38 /* STLAllocAdapter.hpp in Headers */,
				8E86FBDA1A923BE5001BCBCE /* FileSystem.hpp in Headers */,
				8E8D22B71B1A1E4D00A876E5 /* VertexLayout.hpp in Headers */,
				8EF701FB1A76F90B00454341 /* crc32.h in Headers */,
				8E112D49199E55100029CD38 /* Matrix.hpp in Headers */,
				8EF702041A76F90B00454341 /* zconf.h in Headers */,
				8EF702071A76F90B00454341 /* zutil.h in Headers */,
				8EA1AB5C1B6F7BB2002F3126 /* RendererShared.hpp in Headers */,
				8EF71ECD19D8600A00AA373B /* RenderContext.hpp in Headers */,
				8E43CDA01B4C7F89009D24B5 /* Light.hpp in Headers */,
				8EDD58261B4FCD5900749BC0 /* MultiArrayBuffer.hpp in Headers */,
				8EDA06851B67DCCE001898EA /* Algorithm.hpp in Headers */,
				8E112D99199E5FC70029CD38 /* TextFile.hpp in Headers */,
			);
			runOnlyForDeploymentPostprocessing = 0;
		};
/* End PBXHeadersBuildPhase section */

/* Begin PBXNativeTarget section */
		8E112D2C199E53CC0029CD38 /* stardazed-native */ = {
			isa = PBXNativeTarget;
			buildConfigurationList = 8E112D31199E53CC0029CD38 /* Build configuration list for PBXNativeTarget "stardazed-native" */;
			buildPhases = (
				8E112D29199E53CC0029CD38 /* Sources */,
				8E112D2A199E53CC0029CD38 /* Frameworks */,
				8E112D2B199E53CC0029CD38 /* Headers */,
			);
			buildRules = (
			);
			dependencies = (
			);
			name = "stardazed-native";
			productName = stardazed;
			productReference = 8E112D2D199E53CC0029CD38 /* libstardazed-native.a */;
			productType = "com.apple.product-type.library.static";
		};
/* End PBXNativeTarget section */

/* Begin PBXProject section */
		8E112D25199E53CC0029CD38 /* Project object */ = {
			isa = PBXProject;
			attributes = {
				LastUpgradeCheck = 0830;
				ORGANIZATIONNAME = xfinitegames;
			};
			buildConfigurationList = 8E112D28199E53CC0029CD38 /* Build configuration list for PBXProject "stardazed-native" */;
			compatibilityVersion = "Xcode 6.3";
			developmentRegion = English;
			hasScannedForEncodings = 0;
			knownRegions = (
				en,
			);
			mainGroup = 8E112D24199E53CC0029CD38;
			productRefGroup = 8E112D2E199E53CC0029CD38 /* Products */;
			projectDirPath = "";
			projectRoot = "";
			targets = (
				8E112D2C199E53CC0029CD38 /* stardazed-native */,
			);
		};
/* End PBXProject section */

/* Begin PBXSourcesBuildPhase section */
		8E112D29199E53CC0029CD38 /* Sources */ = {
			isa = PBXSourcesBuildPhase;
			buildActionMask = 2147483647;
			files = (
				8E19672819ACD69F009CB5E6 /* mac_Logging.mm in Sources */,
				8E112DDC199E60A50029CD38 /* Camera.cpp in Sources */,
				8E44B4031A3EFD390059C57D /* mac_AudioContext.mm in Sources */,
				8EA7092C19D75FC000129E2D /* Mesh.cpp in Sources */,
				8EF701FD1A76F90B00454341 /* inffast.c in Sources */,
				8E53725E1B31B0AC002C1538 /* Bounds.cpp in Sources */,
				8E90F1251A6D51B700AD015B /* Texture.cpp in Sources */,
				8E19672719ACD69F009CB5E6 /* mac_Application.mm in Sources */,
				8E112DBE199E5FE20029CD38 /* Pipeline.cpp in Sources */,
				8E112DE1199E60A50029CD38 /* Scene.cpp in Sources */,
				8EB49E8319FFEF7D003F687C /* VertexBuffer.cpp in Sources */,
				8E8876571B5FBE9F00F35493 /* Block.cpp in Sources */,
				8EF702001A76F90B00454341 /* inflate.c in Sources */,
				8E07941C1B77DEBD00766FFB /* Behaviour.cpp in Sources */,
				8E15992A1AF9034700A62CE1 /* PixelBuffer.cpp in Sources */,
				8EDA068C1B6B85EB001898EA /* farmhash.cpp in Sources */,
				8E221FB51B56FEAE006E5CFD /* Transform.cpp in Sources */,
				8E25240D1B4D291200CC4789 /* Light.cpp in Sources */,
				8EC31EA01B1E0ABF00AF9582 /* IndexBuffer.cpp in Sources */,
				8EF702061A76F90B00454341 /* zutil.c in Sources */,
				8EC8C5401B506B1E00EAADE9 /* Allocator.cpp in Sources */,
				8E5C53AD1B186B6900F74804 /* RenderPass.cpp in Sources */,
				8EC145F91A869D12004D533A /* OpenGL.cpp in Sources */,
				8EF701F91A76F90B00454341 /* adler32.c in Sources */,
				8E307AD71B7E7BEB0012FD16 /* Collider.cpp in Sources */,
				8E112DC0199E5FE20029CD38 /* Shader.cpp in Sources */,
				8EC4547F1C3A929F0016AD9B /* RunLoop.cpp in Sources */,
				8EC342AE1ACC90A50020F3EC /* jpgd.cpp in Sources */,
				8E6A0DC019B3A53E00DF0921 /* mac_controller.mm in Sources */,
				8E5C92701A212567007E3774 /* Mesh.cpp in Sources */,
				8E89E99D19AD4896001AB2AF /* mac_GLRenderContext.mm in Sources */,
				8EF7020B1A77036000454341 /* PNGFile.cpp in Sources */,
				8EE35E981B7A6D5100DEA403 /* RigidBody.cpp in Sources */,
				8E53725B1B3185F5002C1538 /* mac_Time.cpp in Sources */,
				8EF701FA1A76F90B00454341 /* crc32.c in Sources */,
				8E112D48199E55100029CD38 /* Matrix.cpp in Sources */,
				8E28645A1B469ECD00FD436D /* StandardModel.cpp in Sources */,
				8E8D22B91B1B264F00A876E5 /* VertexLayout.cpp in Sources */,
				8ECA4F341C3AD7B1000E0F5C /* mac_input.mm in Sources */,
				8E112D98199E5FC70029CD38 /* TextFile.cpp in Sources */,
				8ED0F5011A41DF04009AFBA8 /* mac_360driver.cpp in Sources */,
				8E54FE5B1A6F0BC7003D649A /* Texture.cpp in Sources */,
				8E2864551B4694E100FD436D /* Manipulators.cpp in Sources */,
				8E112D96199E5FC70029CD38 /* StringFormat.cpp in Sources */,
				8EF702021A76F90B00454341 /* inftrees.c in Sources */,
				8E86FBDC1A923DD5001BCBCE /* mac_FileSystem.cpp in Sources */,
				8E2864531B4694E100FD436D /* Generators.cpp in Sources */,
				8E6E53A61A7FC10700844C70 /* FrameBuffer.cpp in Sources */,
				8E112DB8199E5FE20029CD38 /* Buffer.cpp in Sources */,
				8E6A0DC419B3A7D900DF0921 /* input.cpp in Sources */,
				8EC31EA41B209AC700AF9582 /* VertexDerivedData.cpp in Sources */,
			);
			runOnlyForDeploymentPostprocessing = 0;
		};
/* End PBXSourcesBuildPhase section */

/* Begin XCBuildConfiguration section */
		8E112D2F199E53CC0029CD38 /* Debug */ = {
			isa = XCBuildConfiguration;
			buildSettings = {
				ALWAYS_SEARCH_USER_PATHS = NO;
				CLANG_CXX_LANGUAGE_STANDARD = "gnu++14";
				CLANG_CXX_LIBRARY = "libc++";
				CLANG_ENABLE_MODULES = YES;
				CLANG_ENABLE_OBJC_ARC = YES;
				CLANG_WARN_BOOL_CONVERSION = YES;
				CLANG_WARN_CONSTANT_CONVERSION = YES;
				CLANG_WARN_DIRECT_OBJC_ISA_USAGE = YES_ERROR;
				CLANG_WARN_EMPTY_BODY = YES;
				CLANG_WARN_ENUM_CONVERSION = YES;
				CLANG_WARN_INFINITE_RECURSION = YES;
				CLANG_WARN_INT_CONVERSION = YES;
				CLANG_WARN_OBJC_ROOT_CLASS = YES_ERROR;
				CLANG_WARN_SUSPICIOUS_MOVE = YES;
				CLANG_WARN_UNREACHABLE_CODE = YES;
				CLANG_WARN__DUPLICATE_METHOD_MATCH = YES;
				CLANG_X86_VECTOR_INSTRUCTIONS = sse4.2;
				COPY_PHASE_STRIP = NO;
				ENABLE_STRICT_OBJC_MSGSEND = YES;
				ENABLE_TESTABILITY = YES;
				GCC_C_LANGUAGE_STANDARD = gnu99;
				GCC_DYNAMIC_NO_PIC = NO;
				GCC_ENABLE_CPP_EXCEPTIONS = NO;
				GCC_ENABLE_CPP_RTTI = NO;
				GCC_ENABLE_OBJC_EXCEPTIONS = YES;
				GCC_NO_COMMON_BLOCKS = YES;
				GCC_OPTIMIZATION_LEVEL = 0;
				GCC_PREPROCESSOR_DEFINITIONS = (
					"DEBUG=1",
					"$(inherited)",
				);
				GCC_SYMBOLS_PRIVATE_EXTERN = NO;
				GCC_WARN_64_TO_32_BIT_CONVERSION = YES;
				GCC_WARN_ABOUT_RETURN_TYPE = YES_ERROR;
				GCC_WARN_HIDDEN_VIRTUAL_FUNCTIONS = YES;
				GCC_WARN_NON_VIRTUAL_DESTRUCTOR = YES;
				GCC_WARN_UNDECLARED_SELECTOR = YES;
				GCC_WARN_UNINITIALIZED_AUTOS = YES_AGGRESSIVE;
				GCC_WARN_UNUSED_FUNCTION = YES;
				GCC_WARN_UNUSED_VARIABLE = YES;
				HEADER_SEARCH_PATHS = (
					"$(inherited)",
					/Applications/Xcode.app/Contents/Developer/Toolchains/XcodeDefault.xctoolchain/usr/include,
					../src/,
					../ext/,
				);
				MACOSX_DEPLOYMENT_TARGET = 10.9;
				ONLY_ACTIVE_ARCH = YES;
				OTHER_CPLUSPLUSFLAGS = (
					"$(OTHER_CFLAGS)",
					"-Wall",
					"-Wextra",
					"-Wno-missing-braces",
					"-Werror=uninitialized",
				);
				SDKROOT = macosx;
				VALID_ARCHS = x86_64;
			};
			name = Debug;
		};
		8E112D30199E53CC0029CD38 /* Release */ = {
			isa = XCBuildConfiguration;
			buildSettings = {
				ALWAYS_SEARCH_USER_PATHS = NO;
				CLANG_CXX_LANGUAGE_STANDARD = "gnu++14";
				CLANG_CXX_LIBRARY = "libc++";
				CLANG_ENABLE_MODULES = YES;
				CLANG_ENABLE_OBJC_ARC = YES;
				CLANG_WARN_BOOL_CONVERSION = YES;
				CLANG_WARN_CONSTANT_CONVERSION = YES;
				CLANG_WARN_DIRECT_OBJC_ISA_USAGE = YES_ERROR;
				CLANG_WARN_EMPTY_BODY = YES;
				CLANG_WARN_ENUM_CONVERSION = YES;
				CLANG_WARN_INFINITE_RECURSION = YES;
				CLANG_WARN_INT_CONVERSION = YES;
				CLANG_WARN_OBJC_ROOT_CLASS = YES_ERROR;
				CLANG_WARN_SUSPICIOUS_MOVE = YES;
				CLANG_WARN_UNREACHABLE_CODE = YES;
				CLANG_WARN__DUPLICATE_METHOD_MATCH = YES;
				CLANG_X86_VECTOR_INSTRUCTIONS = sse4.2;
				COPY_PHASE_STRIP = YES;
				DEAD_CODE_STRIPPING = YES;
				DEBUG_INFORMATION_FORMAT = "dwarf-with-dsym";
				ENABLE_NS_ASSERTIONS = NO;
				ENABLE_STRICT_OBJC_MSGSEND = YES;
				GCC_C_LANGUAGE_STANDARD = gnu99;
				GCC_ENABLE_CPP_EXCEPTIONS = NO;
				GCC_ENABLE_CPP_RTTI = NO;
				GCC_ENABLE_OBJC_EXCEPTIONS = YES;
				GCC_NO_COMMON_BLOCKS = YES;
				GCC_OPTIMIZATION_LEVEL = 3;
				GCC_PREPROCESSOR_DEFINITIONS = "NDEBUG=1";
				GCC_WARN_64_TO_32_BIT_CONVERSION = YES;
				GCC_WARN_ABOUT_RETURN_TYPE = YES_ERROR;
				GCC_WARN_HIDDEN_VIRTUAL_FUNCTIONS = YES;
				GCC_WARN_NON_VIRTUAL_DESTRUCTOR = YES;
				GCC_WARN_UNDECLARED_SELECTOR = YES;
				GCC_WARN_UNINITIALIZED_AUTOS = YES_AGGRESSIVE;
				GCC_WARN_UNUSED_FUNCTION = YES;
				GCC_WARN_UNUSED_VARIABLE = YES;
				HEADER_SEARCH_PATHS = (
					"$(inherited)",
					/Applications/Xcode.app/Contents/Developer/Toolchains/XcodeDefault.xctoolchain/usr/include,
					../src/,
					../ext/,
				);
				LLVM_LTO = YES;
				MACOSX_DEPLOYMENT_TARGET = 10.9;
				OTHER_CPLUSPLUSFLAGS = (
					"$(OTHER_CFLAGS)",
					"-Wall",
					"-Wextra",
					"-Wno-missing-braces",
					"-Werror=uninitialized",
				);
				SDKROOT = macosx;
				VALID_ARCHS = x86_64;
			};
			name = Release;
		};
		8E112D32199E53CC0029CD38 /* Debug */ = {
			isa = XCBuildConfiguration;
			buildSettings = {
				COMBINE_HIDPI_IMAGES = YES;
				EXECUTABLE_PREFIX = lib;
				PRODUCT_NAME = "$(TARGET_NAME)";
			};
			name = Debug;
		};
		8E112D33199E53CC0029CD38 /* Release */ = {
			isa = XCBuildConfiguration;
			buildSettings = {
				COMBINE_HIDPI_IMAGES = YES;
				EXECUTABLE_PREFIX = lib;
				PRODUCT_NAME = "$(TARGET_NAME)";
			};
			name = Release;
		};
/* End XCBuildConfiguration section */

/* Begin XCConfigurationList section */
		8E112D28199E53CC0029CD38 /* Build configuration list for PBXProject "stardazed-native" */ = {
			isa = XCConfigurationList;
			buildConfigurations = (
				8E112D2F199E53CC0029CD38 /* Debug */,
				8E112D30199E53CC0029CD38 /* Release */,
			);
			defaultConfigurationIsVisible = 0;
			defaultConfigurationName = Release;
		};
		8E112D31199E53CC0029CD38 /* Build configuration list for PBXNativeTarget "stardazed-native" */ = {
			isa = XCConfigurationList;
			buildConfigurations = (
				8E112D32199E53CC0029CD38 /* Debug */,
				8E112D33199E53CC0029CD38 /* Release */,
			);
			defaultConfigurationIsVisible = 0;
			defaultConfigurationName = Release;
		};
/* End XCConfigurationList section */
	};
	rootObject = 8E112D25199E53CC0029CD38 /* Project object */;
}
